lockfileVersion: '9.0'

settings:
  autoInstallPeers: true
  excludeLinksFromLockfile: false

importers:

  .:
    dependencies:
      '@aws-sdk/client-dynamodb':
        specifier: ^3.1144.0
        version: 3.1144.0
      '@aws-sdk/lib-dynamodb':
        specifier: ^3.1144.0
        version: 3.1144.0(@aws-sdk/client-dynamodb@3.1144.0)
      '@middy/core':
        specifier: ^7.9.2
        version: 7.9.2
      '@middy/http-error-handler':
        specifier: ^7.9.2
        version: 7.9.2
      '@middy/http-header-normalizer':
        specifier: ^7.9.2
        version: 7.9.2
      '@middy/http-json-body-parser':
        specifier: ^7.9.2
        version: 7.9.2
      '@middy/http-security-headers':
        specifier: ^7.9.2
        version: 7.9.2
      ky:
        specifier: ^2.1.0
        version: 2.1.0
      valibot:
        specifier: ^1.5.0
        version: 1.5.0(typescript@6.0.3)
    devDependencies:
      '@biomejs/biome':
        specifier: ^2.5.15
        version: 2.5.15
      '@serverless/typescript':
        specifier: ^4.30.0
        version: 4.30.0
      '@types/aws-lambda':
        specifier: ^8.10.164
        version: 8.10.164
      '@types/node':
        specifier: ^24.12.4
        version: 24.12.4
      esbuild:
        specifier: ^0.28.2
        version: 0.28.2
      serverless:
        specifier: ^4.43.0
        version: 4.43.0
      typescript:
        specifier: ^6.0.3
        version: 6.0.3

packages:

  '@aws-sdk/client-dynamodb@3.1144.0':
    resolution: {integrity: sha512-WkiUF2WksJJsul4SLd2nqrDThIlYfjgHjRspiip7Xqkd7Xvw0vlX4fR76QZmxFx6eHM5ylukRDume+wI/dadPA==}
    engines: {node: '>=20.0.0'}

  '@aws-sdk/core@3.978.1':
    resolution: {integrity: sha512-LbY9aGsEiznDWmUc30Nwv3aIX/+dbwTx8KfS0yOC3NPYMO+O91e6jkT1azf34FwjOndq8/Q+RcVVZz5xnerwdg==}
    engines: {node: '>=20.0.0'}

  '@aws-sdk/credential-provider-env@3.972.72':
    resolution: {integrity: sha512-xTKO/FWJPozTIXbozVnVGoNBhaGba8TBcx+KyUjRVeOlXE+dUc7GTR1cLvu0uTdIdmemzaFbqqCshXeZA1fZew==}
    engines: {node: '>=20.0.0'}

  '@aws-sdk/credential-provider-http@3.972.74':
    resolution: {integrity: sha512-u91E/hT8f4d1xy0Jl7VG4nVKJ3lxbrZkoBTeSVoJdWBiSEUMwMS/9+e0H/aJVQV//Lt5wuzP+E69v4aRSsNTmw==}
    engines: {node: '>=20.0.0'}

  '@aws-sdk/credential-provider-ini@3.973.17':
    resolution: {integrity: sha512-ged4KXdBkvIC81bLvNHHuQKdKak/VXhQTR1NWYTTqW0474nlmsxy9O/vlgTIohDDWH3xpBdtVMZRyjb+DnocDA==}
    engines: {node: '>=20.0.0'}

  '@aws-sdk/credential-provider-login@3.972.79':
    resolution: {integrity: sha512-L+Z85anONJd8MaiuraO4wRxATCdEejBZ3K3eymzWI5JPXa9sOS9CkIm72PBKqXKX+Z9p9NGMX5AIMXm0LEflgw==}
    engines: {node: '>=20.0.0'}

  '@aws-sdk/credential-provider-node@3.972.84':
    resolution: {integrity: sha512-oHt854odINVwzwsh+c5x69j0ajm4DbqqqVJ+O1ECsCIZeMDAbzFpXItaqP7UZstJj/ATdTk/KFSH0LaNAgV+kA==}
    engines: {node: '>=20.0.0'}

  '@aws-sdk/credential-provider-process@3.972.72':
    resolution: {integrity: sha512-rLIp2xbMjX/k9/od7APpqq1ZgXXnV0pOL1Th3ZsL8Wu0TRtBsDTVS8iPqcfRFcHakFxPvR04OSTv2ka2qOb/2A==}
    engines: {node: '>=20.0.0'}

  '@aws-sdk/credential-provider-sso@3.973.16':
    resolution: {integrity: sha512-IGihaJfFZYacJJr/odqILCoK7W/mvrZ7cuK7ECn3sAu4vLC6u0V8bS7mCGbdugJ8Aum2tnvqmx0F2MRFp2rn9g==}
    engines: {node: '>=20.0.0'}

  '@aws-sdk/credential-provider-web-identity@3.972.78':
    resolution: {integrity: sha512-/y9WvNtlcPBGLR0qc1a+9J/xtYZfVczvLUOuXaVWylzttH7ewsxwHtjmiJSolNrVSDorIxHGHMU61CbonRkmwA==}
    engines: {node: '>=20.0.0'}

  '@aws-sdk/dynamodb-codec@3.973.46':
    resolution: {integrity: sha512-ApnSubn+5C6HQGP7025q9w/YiNzKwimIMksP76xVij779BCCqcmJ9poB6hQ4syY9NUxqmEQLBqY0PktX53L8iQ==}
    engines: {node: '>=20.0.0'}

  '@aws-sdk/endpoint-cache@3.972.11':
    resolution: {integrity: sha512-8q1ICxcDjHId3bBryuu/j+1L9y5/3uQnwzLDt5j2ElcjZSoWmFtymdJy7OjLrluSMe0Z4mq5bcH4fxBXvlEHfw==}
    engines: {node: '>=20.0.0'}

  '@aws-sdk/lib-dynamodb@3.1144.0':
    resolution: {integrity: sha512-mgmHTtyOktcysybcG8qToET1yYPF/gh4t5Yx+hfVj30qEhAflvQ0G7EfjGBw0fEEZcRQ/HpMEL3cBaOeYDwXEA==}
    engines: {node: '>=20.0.0'}
    peerDependencies:
      '@aws-sdk/client-dynamodb': ^3.1144.0

  '@aws-sdk/middleware-endpoint-discovery@3.972.31':
    resolution: {integrity: sha512-JqOIXupzP6cpAmCCmuEaacbXo/bVCcg1NkglCJC6q4wDAvJO09qIs7POf50JNzmhOhWPtfXvzgWxb5nMQl8QiA==}
    engines: {node: '>=20.0.0'}

  '@aws-sdk/nested-clients@3.997.46':
    resolution: {integrity: sha512-oRxtBcka/JGHGs9l9p9IVajGoTP8vTPmoAzdHGy4Qcy9P5vPnDf6nhIeM/COQNY9k/OahImTRaLkHftoXvfcmQ==}
    engines: {node: '>=20.0.0'}

  '@aws-sdk/signature-v4-multi-region@3.996.47':
    resolution: {integrity: sha512-Zk08macMvQTHzQJCLJVkOlviVoqwYMrpXv4lmLN7b7sAbiMoOK7Go0NYdR5UeF+MW8LIbRmwrNy9u/5VvX1U5g==}
    engines: {node: '>=20.0.0'}

  '@aws-sdk/token-providers@3.1138.0':
    resolution: {integrity: sha512-GpyAr0DD63YOEmYFM6Df+gJuIgC92MMTiBK4FTKfxii5MJ9ge20epR7LyroulscYlG89J+ZB2ivFDPjvfQhzdw==}
    engines: {node: '>=20.0.0'}

  '@aws-sdk/types@3.974.6':
    resolution: {integrity: sha512-v/clNZzZnDxGyvpHMOGpJKVXFAExJzUNAAjaWGdcx8QAcXLGwTaOkw33p5SHAi0YAioK32xB3hWwOekRVfmfKg==}
    engines: {node: '>=20.0.0'}

  '@aws-sdk/util-dynamodb@3.996.9':
    resolution: {integrity: sha512-16x2tRvl7OYpZ0W/DdFJieFriD13+RvuRBDbe5sj/tCEfK86HSGd7I2s5j0ivz8p6KWGkS+5wKRO9OliJkjUOQ==}
    engines: {node: '>=20.0.0'}
    peerDependencies:
      '@aws-sdk/client-dynamodb': ^3.1111.0

  '@aws-sdk/xml-builder@3.972.41':
    resolution: {integrity: sha512-ctjVSyCMegrWfXlx6VqzSBFI6UqmQ5ZlnfMhdLIiWmhoH8UAQxSCP5N3OpG7X3k4LnS7ou74C4mt20+bfTW2aQ==}
    engines: {node: '>=20.0.0'}

  '@aws/lambda-invoke-store@0.3.0':
    resolution: {integrity: sha512-sl4Bm6yiMNYrZKkqqDFWN0UfnWhlS8ivKxrYl+6t0gCLrqr8y3B2IqZZbFRkfaVVp7C/baApyh71P+LeE1A2sQ==}
    engines: {node: '>=18.0.0'}

  '@biomejs/biome@2.5.15':
    resolution: {integrity: sha512-WZTW4slm/pdkh92K6t/3aEN++44JD1PQ7squ7RCMLI1flHGl43DVOIGXvCjHiZgBMO1V4uYxoFNtqrIA4qGuIQ==}
    engines: {node: '>=14.21.3'}
    hasBin: true

  '@biomejs/cli-darwin-arm64@2.5.15':
    resolution: {integrity: sha512-BZVzFhJ/mUvTLMYbc9x6el0o2Uv5zP7bACYyhFb6fSc1giroXm7PL0a5KqMJ9F+/BnkYRjagD/ROSDVOZ6eapg==}
    engines: {node: '>=14.21.3'}
    cpu: [arm64]
    os: [darwin]

  '@biomejs/cli-darwin-x64@2.5.15':
    resolution: {integrity: sha512-V5Kw63V+fVGNFhFrizDxMbGXAzZCh8kYzJpy3GI6gTapWDg7bZK9oYC9CbVgQSEdTnupz0U5Efz8Ev+5vdBBXw==}
    engines: {node: '>=14.21.3'}
    cpu: [x64]
    os: [darwin]

  '@biomejs/cli-linux-arm64-musl@2.5.15':
    resolution: {integrity: sha512-tGzZUTcJCV7tj5Adh/Gn6nR4MycqA3iohq2LEcrarAgRBkU0h0OKd2UzCRkOsOYOuUGaUJb4YmqRqyy2feGGSw==}
    engines: {node: '>=14.21.3'}
    cpu: [arm64]
    os: [linux]
    libc: [musl]

  '@biomejs/cli-linux-arm64@2.5.15':
    resolution: {integrity: sha512-XaG7P7eeSLYETD3K9grfB0mQmpLQZjygdbsxekWBJAg4am79fGAtRpfRyNnTvXB2fZFNnJZG3nXm7HBat0+VUw==}
    engines: {node: '>=14.21.3'}
    cpu: [arm64]
    os: [linux]
    libc: [glibc]

  '@biomejs/cli-linux-x64-musl@2.5.15':
    resolution: {integrity: sha512-IlxUcyxilVGPsE008x13pWdkTbU3nQpP2i9b5UrbOYj6goBkKsRX1XB7yJLcV+O1H9LBchIIm4adOaVLZBX0ZQ==}
    engines: {node: '>=14.21.3'}
    cpu: [x64]
    os: [linux]
    libc: [musl]

  '@biomejs/cli-linux-x64@2.5.15':
    resolution: {integrity: sha512-xE4iEW/3LqlYj9GFgGrFsFSH51dEEpUbYWBfeOv0q87WkUDxK2o/HhreSb7qMJqck70RVM6Lg96hgedcAYcOkA==}
    engines: {node: '>=14.21.3'}
    cpu: [x64]
    os: [linux]
    libc: [glibc]

  '@biomejs/cli-win32-arm64@2.5.15':
    resolution: {integrity: sha512-2kPKzhNlm8C+Ru3GcO0Me2ODkCBLrVOUNuyi84RJyWDVKAA4+Kjj3jMjL938lF6BRfvltC4vB2nPY9SvN51Ovg==}
    engines: {node: '>=14.21.3'}
    cpu: [arm64]
    os: [win32]

  '@biomejs/cli-win32-x64@2.5.15':
    resolution: {integrity: sha512-yAzh4UqEImV6Hcy0zjUqNfJAsUhoD64FBQCdTG8Md/Z2wQeVP/ZmJ3XRYAs1g8J9fjTFyl2fCtc5FB5til47+g==}
    engines: {node: '>=14.21.3'}
    cpu: [x64]
    os: [win32]

  '@esbuild/aix-ppc64@0.28.2':
    resolution: {integrity: sha512-XExcO+dvLKvVtNTibSTBej1NCAbaGhWn9Ww1ZPx80qsahhPFe/8jgWP0IchNe0F3HwkU7n8ejhH8bjonqht8mQ==}
    engines: {node: '>=18'}
    cpu: [ppc64]
    os: [aix]

  '@esbuild/android-arm64@0.28.2':
    resolution: {integrity: sha512-5YfKeeI8qWfBZIX+u2xZC3Zlb3Os/gLS2sbEKM+I4ZOcsWmHS2WLysCcQZDAFRslDUU5Oiq44gf6PYN1vGwG5A==}
    engines: {node: '>=18'}
    cpu: [arm64]
    os: [android]

  '@esbuild/android-arm@0.28.2':
    resolution: {integrity: sha512-kXXoiPVVGQcnIYGOeaovwOURpniDBpSq4A03qkQ+BMQqtGG6HYap3xne9C1O1yo4TR3qxlCX5IqqmX6fFo2Lqg==}
    engines: {node: '>=18'}
    cpu: [arm]
    os: [android]

  '@esbuild/android-x64@0.28.2':
    resolution: {integrity: sha512-O387ite7SzUyCcy3JQX4P4bLtEA7bLLkx+esve5JHnyYfNTxcVpXZo9jhdB0lTKN44gztELTdU7nS8Nr16Fs1Q==}
    engines: {node: '>=18'}
    cpu: [x64]
    os: [android]

  '@esbuild/darwin-arm64@0.28.2':
    resolution: {integrity: sha512-n4KqkOQrraxHJcgjM1RvwbigfQKIKJVpM7xp+KsxiyUSrRdIXnt73VhrPAx0fV44hgfmIVKjxMN9J1t5jySVkw==}
    engines: {node: '>=18'}
    cpu: [arm64]
    os: [darwin]

  '@esbuild/darwin-x64@0.28.2':
    resolution: {integrity: sha512-uq6suIWYP37qzGddBKPw5QEQPi6HiLGsO7UmkpfyaYNQ3D+rN6w6WfwH+nuqcGXWvawGwxOEroO4YGnFh95azw==}
    engines: {node: '>=18'}
    cpu: [x64]
    os: [darwin]

  '@esbuild/freebsd-arm64@0.28.2':
    resolution: {integrity: sha512-n+I0BTSRIoy+d6RPKnEVwql5UwBJolytvY4mAOIEJorKlqgPII8ix6slVVrfZ5Tnj7glIZvloylbB/EJPMWEXw==}
    engines: {node: '>=18'}
    cpu: [arm64]
    os: [freebsd]

  '@esbuild/freebsd-x64@0.28.2':
    resolution: {integrity: sha512-78XJTJkvPs0kz2w61301PJjXl4g7q3JqiYMZ/M/yVI73EHBrCRTgkhu9oqG7vPqq+a/yadEW8aD+agKlk5xrmg==}
    engines: {node: '>=18'}
    cpu: [x64]
    os: [freebsd]

  '@esbuild/linux-arm64@0.28.2':
    resolution: {integrity: sha512-pW4AC0P3it8c7do9MVM4p51FzHzdM/TZrerurgRcHJ2WTa1VQ1CIq18xncfpBJw4ojkiZZrKW2yIBWBP92j6Ug==}
    engines: {node: '>=18'}
    cpu: [arm64]
    os: [linux]

  '@esbuild/linux-arm@0.28.2':
    resolution: {integrity: sha512-XlDnu2q5yoqems+xay6wSAcg9DDD7K9RLKZEBOMZm3ckNpJBvOX20tSfby8KfrrhINDyv9V2YVZKY/SpoGJI8w==}
    engines: {node: '>=18'}
    cpu: [arm]
    os: [linux]

  '@esbuild/linux-ia32@0.28.2':
    resolution: {integrity: sha512-CYbnj78HsIeA+DhgUKgFCfvNsTHFhMMrinUrMZpDXJXKN8T3XViTZ/+wtHeVxEWY8ewSzTFN+nRmSwO2tZaLUQ==}
    engines: {node: '>=18'}
    cpu: [ia32]
    os: [linux]

  '@esbuild/linux-loong64@0.28.2':
    resolution: {integrity: sha512-buwkd8nsph4R+ajRvw0qM5Hja/TXQow3ptzWO2EbG/cqcIkHloRrdlBtQlshyYGTNFvfkfJ5tpPLVkY4DtsPfQ==}
    engines: {node: '>=18'}
    cpu: [loong64]
    os: [linux]

  '@esbuild/linux-mips64el@0.28.2':
    resolution: {integrity: sha512-ZVykbDyk7519VwiNb9Lcj9m8XM6v5V9uKPvrEMkkEedVewf+0itkhahp4HDpgERXhwLRpWFypsGbG/J8s0QjJA==}
    engines: {node: '>=18'}
    cpu: [mips64el]
    os: [linux]

  '@esbuild/linux-ppc64@0.28.2':
    resolution: {integrity: sha512-CAXl+Dtd9UUuJd8pKKdwh6MLm3MUMiqMPmhZ3tTSXPqfyQ3vDl6R5hZdZ/kYojK4ofXtdfSv1tFq8XzWx3heNQ==}
    engines: {node: '>=18'}
    cpu: [ppc64]
    os: [linux]

  '@esbuild/linux-riscv64@0.28.2':
    resolution: {integrity: sha512-GeXCej4IQtU1B+QlDV8W/RRvbzI3O/Stss+/bCXv4lZls5WGRtu2a+3JkA3i4qIUlMXpcHebWpF8AkJhATowuA==}
    engines: {node: '>=18'}
    cpu: [riscv64]
    os: [linux]

  '@esbuild/linux-s390x@0.28.2':
    resolution: {integrity: sha512-3H1weTYZPxt/WOhByszQZybS9w5lKzUn1FDMsgEChbHWQwHYQQRfBxgCcZvPhjHfKyJjIievvMmEUawJrdY9Dg==}
    engines: {node: '>=18'}
    cpu: [s390x]
    os: [linux]

  '@esbuild/linux-x64@0.28.2':
    resolution: {integrity: sha512-4xTZr1FUmSoQW4XIWmit3tzQrUTZM+N3P0XV8xROKYF50XfI7xeO90+1bZvNwxIufQ9hDQVRJH5YhgPVF8A/HQ==}
    engines: {node: '>=18'}
    cpu: [x64]
    os: [linux]

  '@esbuild/netbsd-arm64@0.28.2':
    resolution: {integrity: sha512-sSATRjPeDBg3pdgHoQfoYBob11Kk1FGa9lui5RIHZCoCkJa9QKlvl3/vKz2usCmYYjs7ymJR/2Nnsqe+Hjt5nw==}
    engines: {node: '>=18'}
    cpu: [arm64]
    os: [netbsd]

  '@esbuild/netbsd-x64@0.28.2':
    resolution: {integrity: sha512-lqnzCV+mM0gIADaKihiCg6ifgfU2L3h5E33rNQBN1Y4MaVGnzryzmvvf7UHxprpQdE8hpqLolJ9Rl+SkIRDpyw==}
    engines: {node: '>=18'}
    cpu: [x64]
    os: [netbsd]

  '@esbuild/openbsd-arm64@0.28.2':
    resolution: {integrity: sha512-AL2qJILH7lNjrDmCQDvdxMfAUIv8KMNZOvrwAQ8i8//ntL9FflhOyMJ8OZSMBb8/AWXe3/5v5S20y3zCoZWKoQ==}
    engines: {node: '>=18'}
    cpu: [arm64]
    os: [openbsd]

  '@esbuild/openbsd-x64@0.28.2':
    resolution: {integrity: sha512-QtiuPytchRyC4rwUKhexJdQKvDuZ6hWloi3igqPQNUJCS1/v9EiO3UTOXR6A3FoMo4fnAKbWJdqaIwhOzh8qEw==}
    engines: {node: '>=18'}
    cpu: [x64]
    os: [openbsd]

  '@esbuild/openharmony-arm64@0.28.2':
    resolution: {integrity: sha512-WkhYDmpTjLvGlScA1rwjRUmhl4k8oXR3cIbtqWmELgU/dFeHHlEllxDvdWcNJV9rbzCexB5vz8gtNewWLgCT7Q==}
    engines: {node: '>=18'}
    cpu: [arm64]
    os: [openharmony]

  '@esbuild/sunos-x64@0.28.2':
    resolution: {integrity: sha512-GPMSkTOtMnv2U2F8gxe4Io6qmVs+YKyp832Etqqxr0hFngmXQ3rzwytelm3GIn7T4VviRUlf3sOgBOiTdvaf7g==}
    engines: {node: '>=18'}
    cpu: [x64]
    os: [sunos]

  '@esbuild/win32-arm64@0.28.2':
    resolution: {integrity: sha512-PIhhEkE9uPBleRBrQEJpUn7MBnibZzbGzYWPmY3x+YoVg/95zbjB4CxPPOQ8l5tYYM4mMaCthF8/1DIfBQQyWQ==}
    engines: {node: '>=18'}
    cpu: [arm64]
    os: [win32]

  '@esbuild/win32-ia32@0.28.2':
    resolution: {integrity: sha512-YmJbfTlvU7Sdn9BB+4PRES4oB6pxgS37MAONj+hBr/cpXS1aBPKXxNnDbu+QCWPj0o9dgyxeq79g6c5P8KeuYA==}
    engines: {node: '>=18'}
    cpu: [ia32]
    os: [win32]

  '@esbuild/win32-x64@0.28.2':
    resolution: {integrity: sha512-5ebpxr3nWMzrL/rnUI755Jkuee0bHL/Gq0WTF9lvcpv73wAp5eu8MfBUgWK9bhWvZjj7yX8etf/8tI8Ney695g==}
    engines: {node: '>=18'}
    cpu: [x64]
    os: [win32]

  '@middy/core@7.9.2':
    resolution: {integrity: sha512-3VJ8m6KjGyMMHjgbmAxHai8f97VOU71XTyjFI+lnLqC0Dng+5zxXfuagFXUQTHRL2xj16p+mKmWtbTnxkwF5zw==}
    engines: {node: '>=22'}
    peerDependencies:
      '@aws/durable-execution-sdk-js': ^2.0.0
    peerDependenciesMeta:
      '@aws/durable-execution-sdk-js':
        optional: true

  '@middy/http-error-handler@7.9.2':
    resolution: {integrity: sha512-f3BFDG34COt6bqt0CTW0T2ZEORjCObNhpbJWU3sTRZ8DQwGynz/kBep6xO2yswLu3+8nbqqKSEdxUKCjsj874g==}
    engines: {node: '>=22'}

  '@middy/http-header-normalizer@7.9.2':
    resolution: {integrity: sha512-er/x7UGiDPO4tYiyZx2Hi4Qh99SQbj5/aa1m15OKhOZFiaOlrnfbyzMiPNAeSIgBZ2clJVrxL74RTL4BSAjqLA==}
    engines: {node: '>=22'}

  '@middy/http-json-body-parser@7.9.2':
    resolution: {integrity: sha512-pS+irP7AUNOs3EXaFleknlzINAfLeseHn9U19rQ7qy0gVR0xtYqgzqBWlqEELVkUSlbokCu9dOyS1vxXiIn0BQ==}
    engines: {node: '>=22'}

  '@middy/http-security-headers@7.9.2':
    resolution: {integrity: sha512-mWDDl+I3h0OnXLrLbKb/DVpkjFjDN8qUL7J/IAftlUWtLjBtR80u+ouj9nEaeOdGcrVJw+Wj4DvLn3atXdeDVg==}
    engines: {node: '>=22'}

  '@middy/util@7.9.2':
    resolution: {integrity: sha512-H2NDN08V2LKk04mnEOH0PMuSTckKpbYXamL2BsGP/QigQx0uXKaVISVK9/DLLEp3VxJofBTTBXK1QT0lypm8gg==}
    engines: {node: '>=22'}

  '@serverless/typescript@4.30.0':
    resolution: {integrity: sha512-4uunJ/hqbQ0ypOCqmjhxlZlSdD5Xe2+yAmpFsbyHYkQWjOu0ot2vLoRSM8YIa5VA72MDrhM7y04Z3o48JMS+9g==}

  '@smithy/core@3.33.3':
    resolution: {integrity: sha512-CsOeKq/9kA3y6VJHt+/+VTCtBaxJ4OTFpgrjIUhPpDIKxBci1k2bJaQASF2h/ELWrulGp+t97DZ0mevfAD8idg==}
    engines: {node: '>=18.0.0'}

  '@smithy/core@3.35.0':
    resolution: {integrity: sha512-zRMhfkByhT2snNdr1si24vJitU6Cr9ix2MikUfWmkAgp4jrNP0GcKSP5YvwQ+TlI8AZXER5QOGJn3JsVtSD9/A==}
    engines: {node: '>=18.0.0'}

  '@smithy/credential-provider-imds@4.5.2':
    resolution: {integrity: sha512-A9uSdn72ozbRUSit0eib0TW7nXuNPlaeM0zcGkJ+nE6tFcSDbnmtwoxbTCFBukVQcszDAyvsd7+rTduPTXpygg==}
    engines: {node: '>=18.0.0'}

  '@smithy/fetch-http-handler@5.8.0':
    resolution: {integrity: sha512-ycSJu3tFAQ4v04CBB0agqFMVsSQ1iG3yw+SpgxRqKfaURpQD4CZ8Wn0zPMmSnOuTpTh65Vz+EA0rMrw089wvkA==}
    engines: {node: '>=18.0.0'}

  '@smithy/node-http-handler@4.12.1':
    resolution: {integrity: sha512-ThMkboGeONWXAelq9FvGsuJC4rOi+qyC4/zhUF58xYpxUg5sQKx2VXZYJmtNjr4dSuBJ1HeJXETQILCz3wOHvw==}
    engines: {node: '>=18.0.0'}

  '@smithy/signature-v4@5.7.3':
    resolution: {integrity: sha512-7ImGm+FkHRLcBaRttIAMZ6bzJZWb2cJGoYjq46F2UjycujWzrL9GEN9h4w7eQyXJYnltrUhxbbieBAIRrdqpow==}
    engines: {node: '>=18.0.0'}

  '@smithy/types@4.17.2':
    resolution: {integrity: sha512-FOKpVZob9MPTn2znRzGrnsMHv7BOsKVw3XiP/cOyYLDVZ9qKp4nifIiSCuUU/fIj5Vu0UOAxCFr+qRAtG0NUkA==}
    engines: {node: '>=18.0.0'}

  '@smithy/types@4.19.0':
    resolution: {integrity: sha512-r7jh49VJxGerfAcTQA6gXcKc+98zOp/tqRwzYjgOE+iSQsP6cEU1hq2QzbuipmP68QtYdY9wKEhiCQZIzHgZ4Q==}
    engines: {node: '>=18.0.0'}

  '@types/aws-lambda@8.10.164':
    resolution: {integrity: sha512-XOnrazWcOd6yWPnR7DxqCBPPYciDjHq+NN8LPwwqBCJNXLyPJgKo47fZpJ113+oyAn9Zti0Cf6H4k6yPcE3WFg==}

  '@types/node@24.12.4':
    resolution: {integrity: sha512-GUUEShf+PBCGW2KaXwcIt3Yk+e3pkKwWKb9GSyM9WQVE+ep2jzmHdGsHzu4wgcZy5fN9FBdVzjpBQsYlpfpgLA==}

  bowser@2.14.1:
    resolution: {integrity: sha512-tzPjzCxygAKWFOJP011oxFHs57HzIhOEracIgAePE4pqB3LikALKnSzUyU4MGs9/iCEUuHlAJTjTc5M+u7YEGg==}

  esbuild@0.28.2:
    resolution: {integrity: sha512-HKVLS8dvII+xoKW9kmqxbRKrnWEXfJJr/FZhhJmiqIB0e053QNYFqOBouTMO/k5sID4MvCiUCvv8b9M4h32wIA==}
    engines: {node: '>=18'}
    hasBin: true

  ky@2.1.0:
    resolution: {integrity: sha512-nIKwelw+7qVqKOlX4Eht6GXfEXlDHcdIjyLWV3s119kYt5s+70ayTnYS+0fRNmtgGRRAfqdeWQbh8YizqkS0ng==}
    engines: {node: '>=22'}

  mnemonist@0.38.3:
    resolution: {integrity: sha512-2K9QYubXx/NAjv4VLq1d1Ly8pWNC5L3BrixtdkyTegXWJIqY+zLNDhhX/A+ZwWt70tB1S8H4BE8FLYEFyNoOBw==}

  obliterator@1.6.1:
    resolution: {integrity: sha512-9WXswnqINnnhOG/5SLimUlzuU1hFJUc8zkwyD59Sd+dPOMf05PmnYG/d6Q7HZ+KmgkZJa1PxRso6QdM3sTNHig==}

  serverless@4.43.0:
    resolution: {integrity: sha512-ukk3LARQ89Cn2phMyIrwabfy3rx3IoENWKvDY3Cyj4tGJOMv9XAkxgnx8n71jDaG+ijOxBXyPBL72jTkPPju0w==}
    engines: {node: '>=18.17.0'}
    hasBin: true

  tslib@2.8.1:
    resolution: {integrity: sha512-oJFu94HQb+KVduSUQL7wnpmqnfmLsOA/nAh6b6EH0wCEoK0/mPeXU6c3wKDV83MkOuHPRHtSXKKU99IBazS/2w==}

  typescript@6.0.3:
    resolution: {integrity: sha512-y2TvuxSZPDyQakkFRPZHKFm+KKVqIisdg9/CZwm9ftvKXLP8NRWj38/ODjNbr43SsoXqNuAisEf1GdCxqWcdBw==}
    engines: {node: '>=14.17'}
    hasBin: true

  undici-types@7.16.0:
    resolution: {integrity: sha512-Zz+aZWSj8LE6zoxD+xrjh4VfkIG8Ya6LvYkZqtUQGJPZjYl53ypCaUwWqo7eI0x66KBGeRo+mlBEkMSeSZ38Nw==}

  undici@6.28.1:
    resolution: {integrity: sha512-zWpdTVD54H48CIybL0rWQ3ukpb9d23wM7eH5RtfdmeP70cWHNjtfo7P4vZX+5CoDcO53J4Pu5uXp7lNfjc6DRA==}
    engines: {node: '>=18.17'}

  valibot@1.5.0:
    resolution: {integrity: sha512-nil6AkP2TChWL43Z5uJ6GTxX01CUA+g8LWUM+N/rB9NBbkUMaUsi9PUNzlUPgoKASgmx9f7eGOYpJ04/fSa6FQ==}
    peerDependencies:
      typescript: '>=5'
    peerDependenciesMeta:
      typescript:
        optional: true

snapshots:

  '@aws-sdk/client-dynamodb@3.1144.0':
    dependencies:
      '@aws-sdk/core': 3.978.1
      '@aws-sdk/credential-provider-node': 3.972.84
      '@aws-sdk/dynamodb-codec': 3.973.46
      '@aws-sdk/middleware-endpoint-discovery': 3.972.31
      '@aws-sdk/types': 3.974.6
      '@smithy/core': 3.35.0
      '@smithy/fetch-http-handler': 5.8.0
      '@smithy/node-http-handler': 4.12.1
      '@smithy/types': 4.19.0
      tslib: 2.8.1

  '@aws-sdk/core@3.978.1':
    dependencies:
      '@aws-sdk/types': 3.974.6
      '@aws-sdk/xml-builder': 3.972.41
      '@aws/lambda-invoke-store': 0.3.0
      '@smithy/core': 3.35.0
      '@smithy/signature-v4': 5.7.3
      '@smithy/types': 4.19.0
      bowser: 2.14.1
      tslib: 2.8.1

  '@aws-sdk/credential-provider-env@3.972.72':
    dependencies:
      '@aws-sdk/core': 3.978.1
      '@aws-sdk/types': 3.974.6
      '@smithy/core': 3.35.0
      '@smithy/types': 4.19.0
      tslib: 2.8.1

  '@aws-sdk/credential-provider-http@3.972.74':
    dependencies:
      '@aws-sdk/core': 3.978.1
      '@aws-sdk/types': 3.974.6
      '@smithy/core': 3.35.0
      '@smithy/fetch-http-handler': 5.8.0
      '@smithy/node-http-handler': 4.12.1
      '@smithy/types': 4.19.0
      tslib: 2.8.1

  '@aws-sdk/credential-provider-ini@3.973.17':
    dependencies:
      '@aws-sdk/core': 3.978.1
      '@aws-sdk/credential-provider-env': 3.972.72
      '@aws-sdk/credential-provider-http': 3.972.74
      '@aws-sdk/credential-provider-login': 3.972.79
      '@aws-sdk/credential-provider-process': 3.972.72
      '@aws-sdk/credential-provider-sso': 3.973.16
      '@aws-sdk/credential-provider-web-identity': 3.972.78
      '@aws-sdk/nested-clients': 3.997.46
      '@aws-sdk/types': 3.974.6
      '@smithy/core': 3.35.0
      '@smithy/credential-provider-imds': 4.5.2
      '@smithy/types': 4.19.0
      tslib: 2.8.1

  '@aws-sdk/credential-provider-login@3.972.79':
    dependencies:
      '@aws-sdk/core': 3.978.1
      '@aws-sdk/nested-clients': 3.997.46
      '@aws-sdk/types': 3.974.6
      '@smithy/core': 3.35.0
      '@smithy/types': 4.19.0
      tslib: 2.8.1

  '@aws-sdk/credential-provider-node@3.972.84':
    dependencies:
      '@aws-sdk/credential-provider-env': 3.972.72
      '@aws-sdk/credential-provider-http': 3.972.74
      '@aws-sdk/credential-provider-ini': 3.973.17
      '@aws-sdk/credential-provider-process': 3.972.72
      '@aws-sdk/credential-provider-sso': 3.973.16
      '@aws-sdk/credential-provider-web-identity': 3.972.78
      '@aws-sdk/types': 3.974.6
      '@smithy/core': 3.35.0
      '@smithy/credential-provider-imds': 4.5.2
      '@smithy/types': 4.19.0
      tslib: 2.8.1

  '@aws-sdk/credential-provider-process@3.972.72':
    dependencies:
      '@aws-sdk/core': 3.978.1
      '@aws-sdk/types': 3.974.6
      '@smithy/core': 3.35.0
      '@smithy/types': 4.19.0
      tslib: 2.8.1

  '@aws-sdk/credential-provider-sso@3.973.16':
    dependencies:
      '@aws-sdk/core': 3.978.1
      '@aws-sdk/nested-clients': 3.997.46
      '@aws-sdk/token-providers': 3.1138.0
      '@aws-sdk/types': 3.974.6
      '@smithy/core': 3.35.0
      '@smithy/types': 4.19.0
      tslib: 2.8.1

  '@aws-sdk/credential-provider-web-identity@3.972.78':
    dependencies:
      '@aws-sdk/core': 3.978.1
      '@aws-sdk/nested-clients': 3.997.46
      '@aws-sdk/types': 3.974.6
      '@smithy/core': 3.35.0
      '@smithy/types': 4.19.0
      tslib: 2.8.1

  '@aws-sdk/dynamodb-codec@3.973.46':
    dependencies:
      '@aws-sdk/core': 3.978.1
      '@smithy/core': 3.35.0
      '@smithy/types': 4.19.0
      tslib: 2.8.1

  '@aws-sdk/endpoint-cache@3.972.11':
    dependencies:
      mnemonist: 0.38.3
      tslib: 2.8.1

  '@aws-sdk/lib-dynamodb@3.1144.0(@aws-sdk/client-dynamodb@3.1144.0)':
    dependencies:
      '@aws-sdk/client-dynamodb': 3.1144.0
      '@aws-sdk/core': 3.978.1
      '@aws-sdk/util-dynamodb': 3.996.9(@aws-sdk/client-dynamodb@3.1144.0)
      '@smithy/core': 3.35.0
      '@smithy/types': 4.19.0
      tslib: 2.8.1

  '@aws-sdk/middleware-endpoint-discovery@3.972.31':
    dependencies:
      '@aws-sdk/endpoint-cache': 3.972.11
      '@aws-sdk/types': 3.974.6
      '@smithy/core': 3.35.0
      '@smithy/types': 4.19.0
      tslib: 2.8.1

  '@aws-sdk/nested-clients@3.997.46':
    dependencies:
      '@aws-sdk/core': 3.978.1
      '@aws-sdk/signature-v4-multi-region': 3.996.47
      '@aws-sdk/types': 3.974.6
      '@smithy/core': 3.35.0
      '@smithy/fetch-http-handler': 5.8.0
      '@smithy/node-http-handler': 4.12.1
      '@smithy/types': 4.19.0
      tslib: 2.8.1

  '@aws-sdk/signature-v4-multi-region@3.996.47':
    dependencies:
      '@aws-sdk/types': 3.974.6
      '@smithy/signature-v4': 5.7.3
      '@smithy/types': 4.19.0
      tslib: 2.8.1

  '@aws-sdk/token-providers@3.1138.0':
    dependencies:
      '@aws-sdk/core': 3.978.1
      '@aws-sdk/nested-clients': 3.997.46
      '@aws-sdk/types': 3.974.6
      '@smithy/core': 3.35.0
      '@smithy/types': 4.19.0
      tslib: 2.8.1

  '@aws-sdk/types@3.974.6':
    dependencies:
      '@smithy/types': 4.19.0
      tslib: 2.8.1

  '@aws-sdk/util-dynamodb@3.996.9(@aws-sdk/client-dynamodb@3.1144.0)':
    dependencies:
      '@aws-sdk/client-dynamodb': 3.1144.0
      tslib: 2.8.1

  '@aws-sdk/xml-builder@3.972.41':
    dependencies:
      '@smithy/types': 4.19.0
      tslib: 2.8.1

  '@aws/lambda-invoke-store@0.3.0': {}

  '@biomejs/biome@2.5.15':
    optionalDependencies:
      '@biomejs/cli-darwin-arm64': 2.5.15
      '@biomejs/cli-darwin-x64': 2.5.15
      '@biomejs/cli-linux-arm64': 2.5.15
      '@biomejs/cli-linux-arm64-musl': 2.5.15
      '@biomejs/cli-linux-x64': 2.5.15
      '@biomejs/cli-linux-x64-musl': 2.5.15
      '@biomejs/cli-win32-arm64': 2.5.15
      '@biomejs/cli-win32-x64': 2.5.15

  '@biomejs/cli-darwin-arm64@2.5.15':
    optional: true

  '@biomejs/cli-darwin-x64@2.5.15':
    optional: true

  '@biomejs/cli-linux-arm64-musl@2.5.15':
    optional: true

  '@biomejs/cli-linux-arm64@2.5.15':
    optional: true

  '@biomejs/cli-linux-x64-musl@2.5.15':
    optional: true

  '@biomejs/cli-linux-x64@2.5.15':
    optional: true

  '@biomejs/cli-win32-arm64@2.5.15':
    optional: true

  '@biomejs/cli-win32-x64@2.5.15':
    optional: true

  '@esbuild/aix-ppc64@0.28.2':
    optional: true

  '@esbuild/android-arm64@0.28.2':
    optional: true

  '@esbuild/android-arm@0.28.2':
    optional: true

  '@esbuild/android-x64@0.28.2':
    optional: true

  '@esbuild/darwin-arm64@0.28.2':
    optional: true

  '@esbuild/darwin-x64@0.28.2':
    optional: true

  '@esbuild/freebsd-arm64@0.28.2':
    optional: true

  '@esbuild/freebsd-x64@0.28.2':
    optional: true

  '@esbuild/linux-arm64@0.28.2':
    optional: true

  '@esbuild/linux-arm@0.28.2':
    optional: true

  '@esbuild/linux-ia32@0.28.2':
    optional: true

  '@esbuild/linux-loong64@0.28.2':
    optional: true

  '@esbuild/linux-mips64el@0.28.2':
    optional: true

  '@esbuild/linux-ppc64@0.28.2':
    optional: true

  '@esbuild/linux-riscv64@0.28.2':
    optional: true

  '@esbuild/linux-s390x@0.28.2':
    optional: true

  '@esbuild/linux-x64@0.28.2':
    optional: true

  '@esbuild/netbsd-arm64@0.28.2':
    optional: true

  '@esbuild/netbsd-x64@0.28.2':
    optional: true

  '@esbuild/openbsd-arm64@0.28.2':
    optional: true

  '@esbuild/openbsd-x64@0.28.2':
    optional: true

  '@esbuild/openharmony-arm64@0.28.2':
    optional: true

  '@esbuild/sunos-x64@0.28.2':
    optional: true

  '@esbuild/win32-arm64@0.28.2':
    optional: true

  '@esbuild/win32-ia32@0.28.2':
    optional: true

  '@esbuild/win32-x64@0.28.2':
    optional: true

  '@middy/core@7.9.2':
    dependencies:
      '@middy/util': 7.9.2

  '@middy/http-error-handler@7.9.2':
    dependencies:
      '@middy/util': 7.9.2

  '@middy/http-header-normalizer@7.9.2':
    dependencies:
      '@middy/util': 7.9.2

  '@middy/http-json-body-parser@7.9.2':
    dependencies:
      '@middy/util': 7.9.2

  '@middy/http-security-headers@7.9.2':
    dependencies:
      '@middy/util': 7.9.2

  '@middy/util@7.9.2': {}

  '@serverless/typescript@4.30.0': {}

  '@smithy/core@3.33.3':
    dependencies:
      '@smithy/types': 4.17.2
      tslib: 2.8.1

  '@smithy/core@3.35.0':
    dependencies:
      '@smithy/types': 4.19.0
      tslib: 2.8.1

  '@smithy/credential-provider-imds@4.5.2':
    dependencies:
      '@smithy/core': 3.33.3
      '@smithy/types': 4.17.2
      tslib: 2.8.1

  '@smithy/fetch-http-handler@5.8.0':
    dependencies:
      '@smithy/core': 3.33.3
      '@smithy/types': 4.19.0
      tslib: 2.8.1

  '@smithy/node-http-handler@4.12.1':
    dependencies:
      '@smithy/core': 3.33.3
      '@smithy/types': 4.19.0
      tslib: 2.8.1

  '@smithy/signature-v4@5.7.3':
    dependencies:
      '@smithy/core': 3.33.3
      '@smithy/types': 4.17.2
      tslib: 2.8.1

  '@smithy/types@4.17.2':
    dependencies:
      tslib: 2.8.1

  '@smithy/types@4.19.0':
    dependencies:
      tslib: 2.8.1

  '@types/aws-lambda@8.10.164': {}

  '@types/node@24.12.4':
    dependencies:
      undici-types: 7.16.0

  bowser@2.14.1: {}

  esbuild@0.28.2:
    optionalDependencies:
      '@esbuild/aix-ppc64': 0.28.2
      '@esbuild/android-arm': 0.28.2
      '@esbuild/android-arm64': 0.28.2
      '@esbuild/android-x64': 0.28.2
      '@esbuild/darwin-arm64': 0.28.2
      '@esbuild/darwin-x64': 0.28.2
      '@esbuild/freebsd-arm64': 0.28.2
      '@esbuild/freebsd-x64': 0.28.2
      '@esbuild/linux-arm': 0.28.2
      '@esbuild/linux-arm64': 0.28.2
      '@esbuild/linux-ia32': 0.28.2
      '@esbuild/linux-loong64': 0.28.2
      '@esbuild/linux-mips64el': 0.28.2
      '@esbuild/linux-ppc64': 0.28.2
      '@esbuild/linux-riscv64': 0.28.2
      '@esbuild/linux-s390x': 0.28.2
      '@esbuild/linux-x64': 0.28.2
      '@esbuild/netbsd-arm64': 0.28.2
      '@esbuild/netbsd-x64': 0.28.2
      '@esbuild/openbsd-arm64': 0.28.2
      '@esbuild/openbsd-x64': 0.28.2
      '@esbuild/openharmony-arm64': 0.28.2
      '@esbuild/sunos-x64': 0.28.2
      '@esbuild/win32-arm64': 0.28.2
      '@esbuild/win32-ia32': 0.28.2
      '@esbuild/win32-x64': 0.28.2

  ky@2.1.0: {}

  mnemonist@0.38.3:
    dependencies:
      obliterator: 1.6.1

  obliterator@1.6.1: {}

  serverless@4.43.0:
    dependencies:
      undici: 6.28.1

  tslib@2.8.1: {}

  typescript@6.0.3: {}

  undici-types@7.16.0: {}

  undici@6.28.1: {}

  valibot@1.5.0(typescript@6.0.3):
    optionalDependencies:
      typescript: 6.0.3
