lockfileVersion: '9.0'

settings:
  autoInstallPeers: true
  excludeLinksFromLockfile: false

importers:

  .:
    dependencies:
      '@aws-sdk/client-dynamodb':
        specifier: ^3.1085.0
        version: 3.1085.0
      '@aws-sdk/lib-dynamodb':
        specifier: ^3.1085.0
        version: 3.1085.0(@aws-sdk/client-dynamodb@3.1085.0)
      '@middy/core':
        specifier: ^7.7.0
        version: 7.7.0
      '@middy/http-error-handler':
        specifier: ^7.7.0
        version: 7.7.0
      '@middy/http-header-normalizer':
        specifier: ^7.7.0
        version: 7.7.0
      '@middy/http-json-body-parser':
        specifier: ^7.7.0
        version: 7.7.0
      '@middy/http-security-headers':
        specifier: ^7.7.0
        version: 7.7.0
      ky:
        specifier: ^2.0.2
        version: 2.0.2
      valibot:
        specifier: ^1.4.2
        version: 1.4.2(typescript@6.0.3)
    devDependencies:
      '@biomejs/biome':
        specifier: ^2.5.3
        version: 2.5.3
      '@serverless/typescript':
        specifier: ^4.30.0
        version: 4.30.0
      '@types/aws-lambda':
        specifier: ^8.10.162
        version: 8.10.162
      '@types/node':
        specifier: ^24.12.4
        version: 24.12.4
      esbuild:
        specifier: ^0.28.1
        version: 0.28.1
      serverless:
        specifier: ^4.39.0
        version: 4.39.0
      typescript:
        specifier: ^6.0.3
        version: 6.0.3

packages:

  '@aws-sdk/client-dynamodb@3.1085.0':
    resolution: {integrity: sha512-EpEFvJm+YjrCeDeXTQcbvk2zviLhKxM7exEiuAXXs4QT6h8HemeMY3gxF0S4gScjzhu3VdDXjLLnlJczIj/49w==}
    engines: {node: '>=20.0.0'}

  '@aws-sdk/core@3.975.1':
    resolution: {integrity: sha512-8qh/6EYb7hl/ZwVfQufhbMEZs1gQIc7GbdrIf4eprQJ7cv042+74nE6l3YDfyWNzb9iPXb8fRyYSHkNIk5eE6Q==}
    engines: {node: '>=20.0.0'}

  '@aws-sdk/credential-provider-env@3.972.57':
    resolution: {integrity: sha512-1RfJaF7SW1TOnvNGU7kaYjwUf5H3sfm+synGH1bHhRlqcnxCt3szebH3dmKEyY4tuGcbQ6ffzUT89cRitBV8OQ==}
    engines: {node: '>=20.0.0'}

  '@aws-sdk/credential-provider-http@3.972.59':
    resolution: {integrity: sha512-sRCkpTiFnCdQvuaRVjQ6SVoHu6i7RUpurVo1c4F81HWhPvUJ7Wdp5MNtSdX1O29CNXc8em3O5m52hCjVtAD9SA==}
    engines: {node: '>=20.0.0'}

  '@aws-sdk/credential-provider-ini@3.973.1':
    resolution: {integrity: sha512-6d8H6ZAh3ZPKZ6fe1nG2OWeZEZPtt9ravoD1dezPdPtsSkJRoxGAnFSHwKT3E/Te6fHE30zRzjV6TD12rvF6yQ==}
    engines: {node: '>=20.0.0'}

  '@aws-sdk/credential-provider-login@3.972.63':
    resolution: {integrity: sha512-GREWRrMj0XnNKMaVa/Mauoaui26qBEHu71WWqXbwZOu/jFQOnPZjTf7u0KtGKC8VGa6VUs9kDWGgocrKNLS9vw==}
    engines: {node: '>=20.0.0'}

  '@aws-sdk/credential-provider-node@3.972.66':
    resolution: {integrity: sha512-f+qjRXZpz7sgzbc4QB+6nLKfyKFgRRXzWdXbsKPv/VhVRyHsDyq4yBWC/B75BAJpFIcUeI2XR/3gdWJ677zB4A==}
    engines: {node: '>=20.0.0'}

  '@aws-sdk/credential-provider-process@3.972.57':
    resolution: {integrity: sha512-TiVQhuU0pbhIZAUZacbPHMyzrIdiH+lnx+PMY/Pu/b93dJrq3wdZwzUJ0TPpvNxaqbHsxJvQZW3/h/beLiKq7Q==}
    engines: {node: '>=20.0.0'}

  '@aws-sdk/credential-provider-sso@3.973.1':
    resolution: {integrity: sha512-3foTZUJ4821Ij60X7K3NJroygiZLnbBmarN+T//O2cjkISan90zElN3NBmgSlDrTQ7Gs6z/yO8V7h60QNcDZHQ==}
    engines: {node: '>=20.0.0'}

  '@aws-sdk/credential-provider-web-identity@3.972.63':
    resolution: {integrity: sha512-8qZLFhM69eKcS37m459ctPR05Qimycm/74OPVioe6wNZabMT54GYhwBju0+J656RkMasNSawWQu+c8CmBe3TUQ==}
    engines: {node: '>=20.0.0'}

  '@aws-sdk/dynamodb-codec@3.973.31':
    resolution: {integrity: sha512-R8hSxTSdx49/Vz4qVvIQXtx10ka9mVxkXHvT43AYTYF7bb/TyzD/7BXcGTrsGYeJ6PV0y8RlNLGn2HumjHbsxw==}
    engines: {node: '>=20.0.0'}

  '@aws-sdk/endpoint-cache@3.972.9':
    resolution: {integrity: sha512-LFvdgq8SriaskUcjpBMDE7J2c9RmuT5v3gU36/znV71EU5DKUis4FmGFjCMelKCCViFeVrQADBAlIiOYRhEx6Q==}
    engines: {node: '>=20.0.0'}

  '@aws-sdk/lib-dynamodb@3.1085.0':
    resolution: {integrity: sha512-S0ejNYEEb+uLUlZ9KF157dJVLMZqBelGyYlPOZBv82ChQ4uD2GK1XUaDsfFdzqXxdwCfYUtC/4n6/sE/vHgFlQ==}
    engines: {node: '>=20.0.0'}
    peerDependencies:
      '@aws-sdk/client-dynamodb': ^3.1085.0

  '@aws-sdk/middleware-endpoint-discovery@3.972.23':
    resolution: {integrity: sha512-FoEkpD2A8haYWNT4wp8zW1x0Hc+NyxcnKJ2Hf4jX8EI5R4ybo1LRI3ql7iuFX1MTyklZx9hum9dPkq6R46pQMw==}
    engines: {node: '>=20.0.0'}

  '@aws-sdk/nested-clients@3.997.31':
    resolution: {integrity: sha512-BDHTpwcsZHEBNEJzOg/B1BkFYJxAXY50dau/NyVWs3d51F0WgIUGSWZot/Os+N3KpDhXeaXnz37mWffAvduREw==}
    engines: {node: '>=20.0.0'}

  '@aws-sdk/signature-v4-multi-region@3.996.39':
    resolution: {integrity: sha512-8+srXqYIF8KYMLC4FxMLEM5Ek7kUNibJu1R4m8/fUhhNYIZZz26oGtKkCr8I/HiG2fFQxBvaGgQZT4/mqRCSnA==}
    engines: {node: '>=20.0.0'}

  '@aws-sdk/token-providers@3.1083.0':
    resolution: {integrity: sha512-s0woKnxuHrExLc5L2ArIH5BMkbonHPtt+5hSBM8oknp9M6QTuUmmAmJ2E0EdzCGONrO+8+ADPqvv6UX0nNcc7A==}
    engines: {node: '>=20.0.0'}

  '@aws-sdk/types@3.974.0':
    resolution: {integrity: sha512-QIBrw90CDm4O0UaIIzkU6DrFdeJzEb2Va5EPEVpyldj6sHJxB6cshhStJuhZxk3wR3PmjJlYsjPmY1kNb+KGBg==}
    engines: {node: '>=20.0.0'}

  '@aws-sdk/util-dynamodb@3.996.6':
    resolution: {integrity: sha512-xLimZjA/ebA7jZn4NNkvLgj9WRl14rhidGND6oPt14s7ywe3I64g9X+WJpBraU5UR7loRq2K1tAXZj0FXkWLZg==}
    engines: {node: '>=20.0.0'}
    peerDependencies:
      '@aws-sdk/client-dynamodb': ^3.1082.0

  '@aws-sdk/xml-builder@3.972.34':
    resolution: {integrity: sha512-wHhWL1y7sN3enBA8POrPpQM5jCcmu2ozyhbRei4c8OjVcEaEs6yLucLa/pla457ggS/ysuy7bosagz3HaJkZXA==}
    engines: {node: '>=20.0.0'}

  '@aws/lambda-invoke-store@0.3.0':
    resolution: {integrity: sha512-sl4Bm6yiMNYrZKkqqDFWN0UfnWhlS8ivKxrYl+6t0gCLrqr8y3B2IqZZbFRkfaVVp7C/baApyh71P+LeE1A2sQ==}
    engines: {node: '>=18.0.0'}

  '@biomejs/biome@2.5.3':
    resolution: {integrity: sha512-MrJswFdei9EfDwwUy2tQrPDpK0AO+RmMFvBoaaJ6ayBc3sUbHdCE+XG5N8vp+5So41ZupZJQm0roHFFhMGVD7A==}
    engines: {node: '>=14.21.3'}
    hasBin: true

  '@biomejs/cli-darwin-arm64@2.5.3':
    resolution: {integrity: sha512-QhYP9muVQ0nUO5zztFuPbEwi4+94sJWVjaZds9aMi1l/KNZBiUjdiSUrGHsTaMGDXrYl+r4AS2sUKfgH3w+V3g==}
    engines: {node: '>=14.21.3'}
    cpu: [arm64]
    os: [darwin]

  '@biomejs/cli-darwin-x64@2.5.3':
    resolution: {integrity: sha512-NC1Ss13UaW7QZX+y8j44bF7AP0jSJdBl6iRhe0MAkvaSqZy+mWg3GaXsrb+eSoHoGDBtaXWEbMVV0iVN2cZ7cQ==}
    engines: {node: '>=14.21.3'}
    cpu: [x64]
    os: [darwin]

  '@biomejs/cli-linux-arm64-musl@2.5.3':
    resolution: {integrity: sha512-fccix0w6xp6csCXgxeC0dU/3ecgRQal0y+cv2SP9ajNlhe7Yrk2Ug7UDe2j9AT9ZDYitkXpvUKgZjjuoYeP4Vg==}
    engines: {node: '>=14.21.3'}
    cpu: [arm64]
    os: [linux]
    libc: [musl]

  '@biomejs/cli-linux-arm64@2.5.3':
    resolution: {integrity: sha512-ksx1KWeyYW18ILL04msF/J4ZBtBDN33znYK8Z/aNv/vlBVxL9/g3mGP+omgHJKy4+KWbK87vcmmpmurfNjSgiA==}
    engines: {node: '>=14.21.3'}
    cpu: [arm64]
    os: [linux]
    libc: [glibc]

  '@biomejs/cli-linux-x64-musl@2.5.3':
    resolution: {integrity: sha512-O/yU9YKRUiHhmcjF2f38PSjseVk3G4VLWYc0G2HWpzdBVREV6G8IGWIVEFf7MFPfWIzNUIvPsEjeAZQIOgnLcQ==}
    engines: {node: '>=14.21.3'}
    cpu: [x64]
    os: [linux]
    libc: [musl]

  '@biomejs/cli-linux-x64@2.5.3':
    resolution: {integrity: sha512-yMkJtilsgvILDcVkh187aVLTb64xYsrxYajx5kym+r1ULkO5HUOfu9AYKLGQbOVLwJtT2utNw7hhFNg+17mUYA==}
    engines: {node: '>=14.21.3'}
    cpu: [x64]
    os: [linux]
    libc: [glibc]

  '@biomejs/cli-win32-arm64@2.5.3':
    resolution: {integrity: sha512-cX5z+GYwRcqEok0AH3KSfQGgqYd0Nomfp6Fbe1uiTtELE38hdH2k842wQ9wLNaF/JJ7r4rjJQ4VR+ce+fRmQbw==}
    engines: {node: '>=14.21.3'}
    cpu: [arm64]
    os: [win32]

  '@biomejs/cli-win32-x64@2.5.3':
    resolution: {integrity: sha512-ExSaJWi4/u6+GXCszlSKpWSjKNbDseAYqqkCznsCsZ/4uidZ/BEqsCc5/3ctlq6dfIubdIIRSVLC/PG9xPl70Q==}
    engines: {node: '>=14.21.3'}
    cpu: [x64]
    os: [win32]

  '@esbuild/aix-ppc64@0.28.1':
    resolution: {integrity: sha512-Svl7tq8k/08+p6CXPpRjQ1fKX+1odH/BQbb48fV6fj3CWHhsoIOoY87w1oHXm0qEpkIK3ZfVgp0hed3XBXzXMQ==}
    engines: {node: '>=18'}
    cpu: [ppc64]
    os: [aix]

  '@esbuild/android-arm64@0.28.1':
    resolution: {integrity: sha512-34EGEbCIAgosYz6goLcopX6Mo7NyGv9tfwEM2/7Ce2VcVRk568iSvniGWcUXIy7wEDR1wzolcxcriFVrWYcwBg==}
    engines: {node: '>=18'}
    cpu: [arm64]
    os: [android]

  '@esbuild/android-arm@0.28.1':
    resolution: {integrity: sha512-0k2F129Xdio1TdJfzJ8sy1Q47vUD2NnwdhiAf7drUN1EBTfPf4hsFCtmMgu/6m8JSzsBrlmVjudMBQqOfG8usQ==}
    engines: {node: '>=18'}
    cpu: [arm]
    os: [android]

  '@esbuild/android-x64@0.28.1':
    resolution: {integrity: sha512-dbwY7ltSMDWsRatcRpCnES4F+im88OCUgGZjy52shC7GqHRE/cYlxNbB4Z4UpJswpcc4Qxd2oE/ufM0p61IKng==}
    engines: {node: '>=18'}
    cpu: [x64]
    os: [android]

  '@esbuild/darwin-arm64@0.28.1':
    resolution: {integrity: sha512-TZbWkQY7kvTAXbXUT7uVACR5cMHsDiSz9z7ZKAX/RTq/WJEk3QyRr0wZpNhBDX+/0CtdqUIJlOiodQcta6tY3Q==}
    engines: {node: '>=18'}
    cpu: [arm64]
    os: [darwin]

  '@esbuild/darwin-x64@0.28.1':
    resolution: {integrity: sha512-zfdzgK9ACBNZLI/CyHTOx81SyNbM6YXn7rxSgX97VjyiPl9W1i4Ka4fgKECEoFCKGpvBj5qArWIGgQjOwkgskQ==}
    engines: {node: '>=18'}
    cpu: [x64]
    os: [darwin]

  '@esbuild/freebsd-arm64@0.28.1':
    resolution: {integrity: sha512-wG2EA8ENdEI0qhkSZMjfqrdY+ziCYCPMmtZjjIwOmXFjmyzEHn+UUxk5of+SYsjtfs3VpnlC7QLzSI5hY/rOAw==}
    engines: {node: '>=18'}
    cpu: [arm64]
    os: [freebsd]

  '@esbuild/freebsd-x64@0.28.1':
    resolution: {integrity: sha512-i7dZ9vQgnvSCzi/rYCXNgtF/U+eKZNJBzu3eTQbRgHnM7tNSizLOkRFAl3qzVc/Op/u5YkHHa4pf/3DOYHthLQ==}
    engines: {node: '>=18'}
    cpu: [x64]
    os: [freebsd]

  '@esbuild/linux-arm64@0.28.1':
    resolution: {integrity: sha512-yHs+0uc8+nvEAfAfxrWQKK5peSNzBc4PegcMO0EJ2hT71uA7vB8Ihg2e77R2P7SG5uYjPbHlLLmve4LLLRCf0g==}
    engines: {node: '>=18'}
    cpu: [arm64]
    os: [linux]

  '@esbuild/linux-arm@0.28.1':
    resolution: {integrity: sha512-qVXBOHQS+d5Y722GwJzJUtOLlX7km3CraOaGormF1pDtPd2C/l1SHRPgjLunLGe51Sh5YYWKMFDyV4SxgMQYTQ==}
    engines: {node: '>=18'}
    cpu: [arm]
    os: [linux]

  '@esbuild/linux-ia32@0.28.1':
    resolution: {integrity: sha512-d1z4ZuP0ajrfz/FhGT4vv278rX8KnPPJx8i5+AtK7TYbx9Le9F1hyzurZpkEyjkGa9dUGhQow4C1NmeGvqxN2w==}
    engines: {node: '>=18'}
    cpu: [ia32]
    os: [linux]

  '@esbuild/linux-loong64@0.28.1':
    resolution: {integrity: sha512-M5sRjUVZrkm1OAPR3dlOYzNmN+loZKGVi1VUQGrwuqLcbR6qeAz+famMhjASeH3YVKvZz+zT1jlh/keC3Rj/lg==}
    engines: {node: '>=18'}
    cpu: [loong64]
    os: [linux]

  '@esbuild/linux-mips64el@0.28.1':
    resolution: {integrity: sha512-mRObBZeHh2OxcBFPWE/FjylkRgZdYuiTR3vaTozquCGOH14iP9oN4x4Ge81CoIDYQrXmIxpFumJBu5MtZpnQJQ==}
    engines: {node: '>=18'}
    cpu: [mips64el]
    os: [linux]

  '@esbuild/linux-ppc64@0.28.1':
    resolution: {integrity: sha512-slScBsMAb3GFDcdrCgLwZtPYRoH2H/youv10QiZyRjmsP48fznoveWytSgCI/R0ZcUgpc0ZhIUEx6LHts8yrfQ==}
    engines: {node: '>=18'}
    cpu: [ppc64]
    os: [linux]

  '@esbuild/linux-riscv64@0.28.1':
    resolution: {integrity: sha512-kw0owk1o0GFETUJyW0jc0G4Yzs0BHZn0JDZ8JRT088vjJYX777BAs1fDGxAC+q831qOs2DTC96mNsG2opdfyyQ==}
    engines: {node: '>=18'}
    cpu: [riscv64]
    os: [linux]

  '@esbuild/linux-s390x@0.28.1':
    resolution: {integrity: sha512-/lAIjX8aYFRByhh6L5rYtPEDRqa9de/4V/juOXcta5frjvzXO4/sqEtyytse0g3zZFuWu5cDN0MkLz2qRDD2Ag==}
    engines: {node: '>=18'}
    cpu: [s390x]
    os: [linux]

  '@esbuild/linux-x64@0.28.1':
    resolution: {integrity: sha512-u/anNYF2mmVOEDwLtnQ1wOr3EZ9sTNGLWrsYGYwHWzGA3Si84IOkHXlbWTD1NB+9/1lcnweYKO54uhxZydNzfA==}
    engines: {node: '>=18'}
    cpu: [x64]
    os: [linux]

  '@esbuild/netbsd-arm64@0.28.1':
    resolution: {integrity: sha512-oks0DYbLwWMmaakTsCb+zL4E+aHRVLom9IJZOAthMQEPiQmydXHkziYEsGYRx0uNV/IjEKGAV941JzH02pflqw==}
    engines: {node: '>=18'}
    cpu: [arm64]
    os: [netbsd]

  '@esbuild/netbsd-x64@0.28.1':
    resolution: {integrity: sha512-aeL6lAnN89Hz43Mlh1G8ARasbuoYvSITDEx0tHh5b7jJnHcssqgjy9Yx430GDpmCa6OyrKoS0aNRjKundRizGg==}
    engines: {node: '>=18'}
    cpu: [x64]
    os: [netbsd]

  '@esbuild/openbsd-arm64@0.28.1':
    resolution: {integrity: sha512-MEFJe5C3R8pwXdZ5Y21oo6m7ePiS0d9pWucn99O/wvyJZChoIQKrQDxKrGeW8F5+T0okTHesAmDeiHDTIq0V/Q==}
    engines: {node: '>=18'}
    cpu: [arm64]
    os: [openbsd]

  '@esbuild/openbsd-x64@0.28.1':
    resolution: {integrity: sha512-i/ZLIOafE0Z8cI/XANJAixoJL/uRAoS2xOA3rb0xN+KK0K177cMAsQYkzHtBrtMXAKuAc7HGgcWiZ/sRC1Nxgw==}
    engines: {node: '>=18'}
    cpu: [x64]
    os: [openbsd]

  '@esbuild/openharmony-arm64@0.28.1':
    resolution: {integrity: sha512-ge+Z7EXFNt2BO1oAMsVpiQ8EwndV9i1xXerAeTIK7AtPs3bKFXQM7nlRxDSIUIMeueR1CNXxqztLzdNeReKBJg==}
    engines: {node: '>=18'}
    cpu: [arm64]
    os: [openharmony]

  '@esbuild/sunos-x64@0.28.1':
    resolution: {integrity: sha512-BEjgtECkL3vY+SaSQ6nzVfiALUeFxpawyp8Jmf5PtYhf1Ug40N1h/hxlhts+f1FvSvarEigdxS3BlSMI2PJLcQ==}
    engines: {node: '>=18'}
    cpu: [x64]
    os: [sunos]

  '@esbuild/win32-arm64@0.28.1':
    resolution: {integrity: sha512-lCv9eK/H6ZJWbE7bh2nw54CZ9M2nupBxJcTsdk/QQnWkdSjKGuxmmH8/GWrlT1eMmZfn4dGcCjRte397WqfQXA==}
    engines: {node: '>=18'}
    cpu: [arm64]
    os: [win32]

  '@esbuild/win32-ia32@0.28.1':
    resolution: {integrity: sha512-zvb/mB2bSCoJOpoCBgYKKpX6YM6mJBlBUVUtVj41DlZJVEB6/0CKlRYxP5wWl1C1ILiCoAU5wZZ4q1P3qeS6Eg==}
    engines: {node: '>=18'}
    cpu: [ia32]
    os: [win32]

  '@esbuild/win32-x64@0.28.1':
    resolution: {integrity: sha512-bm4Mowrv+GXMlpWX++EcXw/iLyd1o3+bJkC2DkWXYVvgZCqD/bSj9ctZeAMC3cIxgjRVR2Dufaiu4YPxr5gW1A==}
    engines: {node: '>=18'}
    cpu: [x64]
    os: [win32]

  '@isaacs/cliui@8.0.2':
    resolution: {integrity: sha512-O8jcjabXaleOG9DQ0+ARXWZBTfnP4WNAqzuiJK7ll44AmxGKv/J2M4TPjxjY3znBCfvBXFzucm1twdyFybFqEA==}
    engines: {node: '>=12'}

  '@middy/core@7.7.0':
    resolution: {integrity: sha512-5KtRHbSZNveR+rcSbJc+8D1/QQVqs3a1ePrP0fuxr41OZodwxz1B/IwjqOjVJMdu6IxhDz5QPInAiefJUNmKpQ==}
    engines: {node: '>=22'}
    peerDependencies:
      '@aws/durable-execution-sdk-js': ^2.0.0
    peerDependenciesMeta:
      '@aws/durable-execution-sdk-js':
        optional: true

  '@middy/http-error-handler@7.7.0':
    resolution: {integrity: sha512-F9Z3BbgbYh9jk6J02sOsEUiVCQdMHjyUcfg2cP1PQu6NSlTAqg8ZAlRlLIq5ajzSuikR1wXk1e8L4NQSFcM/1Q==}
    engines: {node: '>=22'}

  '@middy/http-header-normalizer@7.7.0':
    resolution: {integrity: sha512-W5E6hx4d6sRIFJSJQFFdxHEK5cZ9qwipldiWZ4mAvPkbul3xlChnziTNWP2nl6uk1O1X3qev/byeNjbHyr9D3A==}
    engines: {node: '>=22'}

  '@middy/http-json-body-parser@7.7.0':
    resolution: {integrity: sha512-wJGqZbAwRoROq3dGGNMyl9JkRI774xzCitSWo2z892cE+Z/nK+qS1BU4BhEIG+fSn0js9rCBisC6j7B5llWBQw==}
    engines: {node: '>=22'}

  '@middy/http-security-headers@7.7.0':
    resolution: {integrity: sha512-gideOmEWKo5hDB9V0TUeyk19t1BbFaHKSomxUIIIaKixcYfZSBq71iVVbKncbTEdxWMId+XsdAt5Zq1U1w8vlw==}
    engines: {node: '>=22'}

  '@middy/util@7.7.0':
    resolution: {integrity: sha512-d9QHbliwIocuc2n+7dbrd9Ma/LrXaEDX5mxyV3Rqx79h7AyZGUbkXo0rw6JVVFsxOGvjNGN4gQ2fh++RLCS35A==}
    engines: {node: '>=22'}

  '@pkgjs/parseargs@0.11.0':
    resolution: {integrity: sha512-+1VkjdD0QBLPodGrJUeqarH8VAIvQODIbwh9XpP5Syisf7YoQgsJKPNFoqqLQlu+VQ/tVSshMR6loPMn8U+dPg==}
    engines: {node: '>=14'}

  '@serverless/typescript@4.30.0':
    resolution: {integrity: sha512-4uunJ/hqbQ0ypOCqmjhxlZlSdD5Xe2+yAmpFsbyHYkQWjOu0ot2vLoRSM8YIa5VA72MDrhM7y04Z3o48JMS+9g==}

  '@smithy/core@3.29.3':
    resolution: {integrity: sha512-L+Ys6ecjk5vwPMAKHBpPKlJ3DkqwNcnfEISXBZIsVvWG/XKXfsAP8mwIYlTeLcd2ElHdesPI8OuOmJSFAPhm6A==}
    engines: {node: '>=18.0.0'}

  '@smithy/credential-provider-imds@4.4.8':
    resolution: {integrity: sha512-q9J7JTiXrAhB8sDp4px97uEPT7CwKH61Co78grdNQvU8QZAdiuaSRhP0tUVf2ogy36RZTrlMU1rBmDEH+cnkiA==}
    engines: {node: '>=18.0.0'}

  '@smithy/fetch-http-handler@5.6.5':
    resolution: {integrity: sha512-SuqeisTyPoiIPtIYru/sGxGyXzmZ+8nnFOhC+qRPglt06Ebd1yH//CDltZB2J/3WBNVhwfUaZ0EtHB3cm2X32g==}
    engines: {node: '>=18.0.0'}

  '@smithy/node-http-handler@4.9.5':
    resolution: {integrity: sha512-bNqdxTQTxmLbomSmlkZFz8L6B/feQ2HHzw4L2zY7Ecp2XffYAZq2uzdWDdxJHJFbEvqd+SRuluJso0P8+xPdbw==}
    engines: {node: '>=18.0.0'}

  '@smithy/signature-v4@5.6.4':
    resolution: {integrity: sha512-B89bpf2t/y/wia6LZ+4JfHXYQT9PnVftsH05rgJKKIStS7r/4XSs9HOjtPoLtgcA6HCW9jVqX5DBbq7E0PAkiQ==}
    engines: {node: '>=18.0.0'}

  '@smithy/types@4.16.1':
    resolution: {integrity: sha512-0JFs3V2y2M9tKW5na/qxe69Zv+uxLMO7QBbhxF/FHu/Gp2NFZAAL9tWl9PU02xxo07pb3G9FTyjNc6D5uZrJIg==}
    engines: {node: '>=18.0.0'}

  '@types/aws-lambda@8.10.162':
    resolution: {integrity: sha512-Fn658grtLOci1oxi1391vvDWJRKNGWRSqfxRkmN/Iy3c0tQH1USMKEXcPYHLvope+ZgTFocx9FRQJx1muBL6qw==}

  '@types/node@24.12.4':
    resolution: {integrity: sha512-GUUEShf+PBCGW2KaXwcIt3Yk+e3pkKwWKb9GSyM9WQVE+ep2jzmHdGsHzu4wgcZy5fN9FBdVzjpBQsYlpfpgLA==}

  ansi-regex@5.0.1:
    resolution: {integrity: sha512-quJQXlTSUGL2LH9SUXo8VwsY4soanhgo6LNSm84E1LBcE8s3O0wpdiRzyR9z/ZZJMlMWv37qOOb9pdJlMUEKFQ==}
    engines: {node: '>=8'}

  ansi-regex@6.2.2:
    resolution: {integrity: sha512-Bq3SmSpyFHaWjPk8If9yc6svM8c56dB5BAtW4Qbw5jHTwwXXcTLoRMkpDJp6VL0XzlWaCHTXrkFURMYmD0sLqg==}
    engines: {node: '>=12'}

  ansi-styles@4.3.0:
    resolution: {integrity: sha512-zbB9rCJAT1rbjiVDb2hqKFHNYLxgtk8NURxZ3IZwD3F6NtxbXZQCnnSi1Lkx+IDohdPlFp222wVALIheZJQSEg==}
    engines: {node: '>=8'}

  ansi-styles@6.2.3:
    resolution: {integrity: sha512-4Dj6M28JB+oAH8kFkTLUo+a2jwOFkuqb3yucU0CANcRRUbxS0cP0nZYCGjcc3BNXwRIsUVmDGgzawme7zvJHvg==}
    engines: {node: '>=12'}

  balanced-match@1.0.2:
    resolution: {integrity: sha512-3oSeUO0TMV67hN1AmbXsK4yaqU7tjiHlbxRDZOpH0KW9+CeX4bRAaX0Anxt0tx2MrpRpWwQaPwIlISEJhYU5Pw==}

  bowser@2.14.1:
    resolution: {integrity: sha512-tzPjzCxygAKWFOJP011oxFHs57HzIhOEracIgAePE4pqB3LikALKnSzUyU4MGs9/iCEUuHlAJTjTc5M+u7YEGg==}

  brace-expansion@2.1.1:
    resolution: {integrity: sha512-WR1cURNjuvBLMZBMbqM0UoE+WAfdUcEV1ccD8PVBVOI+Z3ND4+SZbN8RsfT2bMuG1qwz5RFvPukSZm5fF2D5eA==}

  color-convert@2.0.1:
    resolution: {integrity: sha512-RRECPsj7iu/xb5oKYcsFHSppFNnsj/52OVTRKb4zP5onXwVF3zVmmToNcOfGC+CRDpfK/U584fMg38ZHCaElKQ==}
    engines: {node: '>=7.0.0'}

  color-name@1.1.4:
    resolution: {integrity: sha512-dOy+3AuW3a2wNbZHIuMZpTcgjGuLU/uBL/ubcZF9OXbDo8ff4O8yVp5Bf0efS8uEoYo5q4Fx7dY9OgQGXgAsQA==}

  cross-spawn@7.0.6:
    resolution: {integrity: sha512-uV2QOWP2nWzsy2aMp8aRibhi9dlzF5Hgh5SHaB9OiTGEyDTiJJyx0uy51QXdyWbtAHNua4XJzUKca3OzKUd3vA==}
    engines: {node: '>= 8'}

  eastasianwidth@0.2.0:
    resolution: {integrity: sha512-I88TYZWc9XiYHRQ4/3c5rjjfgkjhLyW2luGIheGERbNQ6OY7yTybanSpDXZa8y7VUP9YmDcYa+eyq4ca7iLqWA==}

  emoji-regex@8.0.0:
    resolution: {integrity: sha512-MSjYzcWNOA0ewAHpz0MxpYFvwg6yjy1NG3xteoqz644VCo/RPgnr1/GGt+ic3iJTzQ8Eu3TdM14SawnVUmGE6A==}

  emoji-regex@9.2.2:
    resolution: {integrity: sha512-L18DaJsXSUk2+42pv8mLs5jJT2hqFkFE4j21wOmgbUqsZ2hL72NsUU785g9RXgo3s0ZNgVl42TiHp3ZtOv/Vyg==}

  esbuild@0.28.1:
    resolution: {integrity: sha512-HrJrvZv5ayxBzPfwphOoNzkzOIIlifzk0KJrGK2c8R4+LKpMtpYLQeUdjnwjWv/LZlkH2laZk+4w78pi99D4Vw==}
    engines: {node: '>=18'}
    hasBin: true

  foreground-child@3.3.1:
    resolution: {integrity: sha512-gIXjKqtFuWEgzFRJA9WCQeSJLZDjgJUOMCMzxtvFq/37KojM1BFGufqsCy0r4qSQmYLsZYMeyRqzIWOMup03sw==}
    engines: {node: '>=14'}

  glob@10.5.0:
    resolution: {integrity: sha512-DfXN8DfhJ7NH3Oe7cFmu3NCu1wKbkReJ8TorzSAFbSKrlNaQSKfIzqYqVY8zlbs2NLBbWpRiU52GX2PbaBVNkg==}
    deprecated: Old versions of glob are not supported, and contain widely publicized security vulnerabilities, which have been fixed in the current version. Please update. Support for old versions may be purchased (at exorbitant rates) by contacting i@izs.me
    hasBin: true

  is-fullwidth-code-point@3.0.0:
    resolution: {integrity: sha512-zymm5+u+sCsSWyD9qNaejV3DFvhCKclKdizYaJUuHA83RLjb7nSuGnddCHGv0hk+KY7BMAlsWeK4Ueg6EV6XQg==}
    engines: {node: '>=8'}

  isexe@2.0.0:
    resolution: {integrity: sha512-RHxMLp9lnKHGHRng9QFhRCMbYAcVpn69smSGcq3f36xjgVVWThj4qqLbTLlq7Ssj8B+fIQ1EuCEGI2lKsyQeIw==}

  jackspeak@3.4.3:
    resolution: {integrity: sha512-OGlZQpz2yfahA/Rd1Y8Cd9SIEsqvXkLVoSw/cgwhnhFMDbsQFeZYoJJ7bIZBS9BcamUW96asq/npPWugM+RQBw==}

  ky@2.0.2:
    resolution: {integrity: sha512-/GmXpo9F9W+f8n4Ivr2iH+7h7wL7jLbLKWkMlpflcCRb6kGjBfTlASEXaZ9qUgNTn4VgS0P2pwxxzQ4EM6Ulgg==}
    engines: {node: '>=22'}

  lru-cache@10.4.3:
    resolution: {integrity: sha512-JNAzZcXrCt42VGLuYz0zfAzDfAvJWW6AfYlDBQyDV5DClI2m5sAmK+OIO7s59XfsRsWHp02jAJrRadPRGTt6SQ==}

  minimatch@9.0.9:
    resolution: {integrity: sha512-OBwBN9AL4dqmETlpS2zasx+vTeWclWzkblfZk7KTA5j3jeOONz/tRCnZomUyvNg83wL5Zv9Ss6HMJXAgL8R2Yg==}
    engines: {node: '>=16 || 14 >=14.17'}

  minipass@7.1.3:
    resolution: {integrity: sha512-tEBHqDnIoM/1rXME1zgka9g6Q2lcoCkxHLuc7ODJ5BxbP5d4c2Z5cGgtXAku59200Cx7diuHTOYfSBD8n6mm8A==}
    engines: {node: '>=16 || 14 >=14.17'}

  mnemonist@0.38.3:
    resolution: {integrity: sha512-2K9QYubXx/NAjv4VLq1d1Ly8pWNC5L3BrixtdkyTegXWJIqY+zLNDhhX/A+ZwWt70tB1S8H4BE8FLYEFyNoOBw==}

  obliterator@1.6.1:
    resolution: {integrity: sha512-9WXswnqINnnhOG/5SLimUlzuU1hFJUc8zkwyD59Sd+dPOMf05PmnYG/d6Q7HZ+KmgkZJa1PxRso6QdM3sTNHig==}

  package-json-from-dist@1.0.1:
    resolution: {integrity: sha512-UEZIS3/by4OC8vL3P2dTXRETpebLI2NiI5vIrjaD/5UtrkFX/tNbwjTSRAGC/+7CAo2pIcBaRgWmcBBHcsaCIw==}

  path-key@3.1.1:
    resolution: {integrity: sha512-ojmeN0qd+y0jszEtoY48r0Peq5dwMEkIlCOu6Q5f41lfkswXuKtYrhgoTpLnyIcHm24Uhqx+5Tqm2InSwLhE6Q==}
    engines: {node: '>=8'}

  path-scurry@1.11.1:
    resolution: {integrity: sha512-Xa4Nw17FS9ApQFJ9umLiJS4orGjm7ZzwUrwamcGQuHSzDyth9boKDaycYdDcZDuqYATXw4HFXgaqWTctW/v1HA==}
    engines: {node: '>=16 || 14 >=14.18'}

  rimraf@5.0.10:
    resolution: {integrity: sha512-l0OE8wL34P4nJH/H2ffoaniAokM2qSmrtXHmlpvYr5AVVX8msAyW0l8NVJFDxlSK4u3Uh/f41cQheDVdnYijwQ==}
    hasBin: true

  serverless@4.39.0:
    resolution: {integrity: sha512-BKGwcJFbuOC3QCRf4wiKU2IT81OquxEGp69CA8cbvLz7N7gq6jZZEnrau3NcWWPMgsKJHOmqNpu9gReU9oS0aQ==}
    engines: {node: '>=18.17.0'}
    hasBin: true

  shebang-command@2.0.0:
    resolution: {integrity: sha512-kHxr2zZpYtdmrN1qDjrrX/Z1rR1kG8Dx+gkpK1G4eXmvXswmcE1hTWBWYUzlraYw1/yZp6YuDY77YtvbN0dmDA==}
    engines: {node: '>=8'}

  shebang-regex@3.0.0:
    resolution: {integrity: sha512-7++dFhtcx3353uBaq8DDR4NuxBetBzC7ZQOhmTQInHEd6bSrXdiEyzCvG07Z44UYdLShWUyXt5M/yhz8ekcb1A==}
    engines: {node: '>=8'}

  signal-exit@4.1.0:
    resolution: {integrity: sha512-bzyZ1e88w9O1iNJbKnOlvYTrWPDl46O1bG0D3XInv+9tkPrxrN8jUUTiFlDkkmKWgn1M6CfIA13SuGqOa9Korw==}
    engines: {node: '>=14'}

  string-width@4.2.3:
    resolution: {integrity: sha512-wKyQRQpjJ0sIp62ErSZdGsjMJWsap5oRNihHhu6G7JVO/9jIB6UyevL+tXuOqrng8j/cxKTWyWUwvSTriiZz/g==}
    engines: {node: '>=8'}

  string-width@5.1.2:
    resolution: {integrity: sha512-HnLOCR3vjcY8beoNLtcjZ5/nxn2afmME6lhrDrebokqMap+XbeW8n9TXpPDOqdGK5qcI3oT0GKTW6wC7EMiVqA==}
    engines: {node: '>=12'}

  strip-ansi@6.0.1:
    resolution: {integrity: sha512-Y38VPSHcqkFrCpFnQ9vuSXmquuv5oXOKpGeT6aGrr3o3Gc9AlVa6JBfUSOCnbxGGZF+/0ooI7KrPuUSztUdU5A==}
    engines: {node: '>=8'}

  strip-ansi@7.2.0:
    resolution: {integrity: sha512-yDPMNjp4WyfYBkHnjIRLfca1i6KMyGCtsVgoKe/z1+6vukgaENdgGBZt+ZmKPc4gavvEZ5OgHfHdrazhgNyG7w==}
    engines: {node: '>=12'}

  tslib@2.8.1:
    resolution: {integrity: sha512-oJFu94HQb+KVduSUQL7wnpmqnfmLsOA/nAh6b6EH0wCEoK0/mPeXU6c3wKDV83MkOuHPRHtSXKKU99IBazS/2w==}

  typescript@6.0.3:
    resolution: {integrity: sha512-y2TvuxSZPDyQakkFRPZHKFm+KKVqIisdg9/CZwm9ftvKXLP8NRWj38/ODjNbr43SsoXqNuAisEf1GdCxqWcdBw==}
    engines: {node: '>=14.17'}
    hasBin: true

  undici-types@7.16.0:
    resolution: {integrity: sha512-Zz+aZWSj8LE6zoxD+xrjh4VfkIG8Ya6LvYkZqtUQGJPZjYl53ypCaUwWqo7eI0x66KBGeRo+mlBEkMSeSZ38Nw==}

  undici@6.27.0:
    resolution: {integrity: sha512-YmfV3YnEDzXRC5lZ2jWtWWHKGUm1zIt8AhesR1tens+HTNv+YZlN/dp6G727LOvMJ8xjP9Be7Y2Sdr96LDm+pg==}
    engines: {node: '>=18.17'}

  valibot@1.4.2:
    resolution: {integrity: sha512-gjdCvJ6d3RyHAneqxMYMW9QMCwYMb3jpOO0IyHZV1bnRHFBHrX3VkIILt5XYR0WhwHiH7Mty8ovuPZ/O3gamrg==}
    peerDependencies:
      typescript: '>=5'
    peerDependenciesMeta:
      typescript:
        optional: true

  which@2.0.2:
    resolution: {integrity: sha512-BLI3Tl1TW3Pvl70l3yq3Y64i+awpwXqsGBYWkkqMtnbXgrMD+yj7rhW0kuEDxzJaYXGjEW5ogapKNMEKNMjibA==}
    engines: {node: '>= 8'}
    hasBin: true

  wrap-ansi@7.0.0:
    resolution: {integrity: sha512-YVGIj2kamLSTxw6NsZjoBxfSwsn0ycdesmc4p+Q21c5zPuZ1pl+NfxVdxPtdHvmNVOQ6XSYG4AUtyt/Fi7D16Q==}
    engines: {node: '>=10'}

  wrap-ansi@8.1.0:
    resolution: {integrity: sha512-si7QWI6zUMq56bESFvagtmzMdGOtoxfR+Sez11Mobfc7tm+VkUckk9bW2UeffTGVUbOksxmSw0AA2gs8g71NCQ==}
    engines: {node: '>=12'}

snapshots:

  '@aws-sdk/client-dynamodb@3.1085.0':
    dependencies:
      '@aws-sdk/core': 3.975.1
      '@aws-sdk/credential-provider-node': 3.972.66
      '@aws-sdk/dynamodb-codec': 3.973.31
      '@aws-sdk/middleware-endpoint-discovery': 3.972.23
      '@aws-sdk/types': 3.974.0
      '@smithy/core': 3.29.3
      '@smithy/fetch-http-handler': 5.6.5
      '@smithy/node-http-handler': 4.9.5
      '@smithy/types': 4.16.1
      tslib: 2.8.1

  '@aws-sdk/core@3.975.1':
    dependencies:
      '@aws-sdk/types': 3.974.0
      '@aws-sdk/xml-builder': 3.972.34
      '@aws/lambda-invoke-store': 0.3.0
      '@smithy/core': 3.29.3
      '@smithy/signature-v4': 5.6.4
      '@smithy/types': 4.16.1
      bowser: 2.14.1
      tslib: 2.8.1

  '@aws-sdk/credential-provider-env@3.972.57':
    dependencies:
      '@aws-sdk/core': 3.975.1
      '@aws-sdk/types': 3.974.0
      '@smithy/core': 3.29.3
      '@smithy/types': 4.16.1
      tslib: 2.8.1

  '@aws-sdk/credential-provider-http@3.972.59':
    dependencies:
      '@aws-sdk/core': 3.975.1
      '@aws-sdk/types': 3.974.0
      '@smithy/core': 3.29.3
      '@smithy/fetch-http-handler': 5.6.5
      '@smithy/node-http-handler': 4.9.5
      '@smithy/types': 4.16.1
      tslib: 2.8.1

  '@aws-sdk/credential-provider-ini@3.973.1':
    dependencies:
      '@aws-sdk/core': 3.975.1
      '@aws-sdk/credential-provider-env': 3.972.57
      '@aws-sdk/credential-provider-http': 3.972.59
      '@aws-sdk/credential-provider-login': 3.972.63
      '@aws-sdk/credential-provider-process': 3.972.57
      '@aws-sdk/credential-provider-sso': 3.973.1
      '@aws-sdk/credential-provider-web-identity': 3.972.63
      '@aws-sdk/nested-clients': 3.997.31
      '@aws-sdk/types': 3.974.0
      '@smithy/core': 3.29.3
      '@smithy/credential-provider-imds': 4.4.8
      '@smithy/types': 4.16.1
      tslib: 2.8.1

  '@aws-sdk/credential-provider-login@3.972.63':
    dependencies:
      '@aws-sdk/core': 3.975.1
      '@aws-sdk/nested-clients': 3.997.31
      '@aws-sdk/types': 3.974.0
      '@smithy/core': 3.29.3
      '@smithy/types': 4.16.1
      tslib: 2.8.1

  '@aws-sdk/credential-provider-node@3.972.66':
    dependencies:
      '@aws-sdk/credential-provider-env': 3.972.57
      '@aws-sdk/credential-provider-http': 3.972.59
      '@aws-sdk/credential-provider-ini': 3.973.1
      '@aws-sdk/credential-provider-process': 3.972.57
      '@aws-sdk/credential-provider-sso': 3.973.1
      '@aws-sdk/credential-provider-web-identity': 3.972.63
      '@aws-sdk/types': 3.974.0
      '@smithy/core': 3.29.3
      '@smithy/credential-provider-imds': 4.4.8
      '@smithy/types': 4.16.1
      tslib: 2.8.1

  '@aws-sdk/credential-provider-process@3.972.57':
    dependencies:
      '@aws-sdk/core': 3.975.1
      '@aws-sdk/types': 3.974.0
      '@smithy/core': 3.29.3
      '@smithy/types': 4.16.1
      tslib: 2.8.1

  '@aws-sdk/credential-provider-sso@3.973.1':
    dependencies:
      '@aws-sdk/core': 3.975.1
      '@aws-sdk/nested-clients': 3.997.31
      '@aws-sdk/token-providers': 3.1083.0
      '@aws-sdk/types': 3.974.0
      '@smithy/core': 3.29.3
      '@smithy/types': 4.16.1
      tslib: 2.8.1

  '@aws-sdk/credential-provider-web-identity@3.972.63':
    dependencies:
      '@aws-sdk/core': 3.975.1
      '@aws-sdk/nested-clients': 3.997.31
      '@aws-sdk/types': 3.974.0
      '@smithy/core': 3.29.3
      '@smithy/types': 4.16.1
      tslib: 2.8.1

  '@aws-sdk/dynamodb-codec@3.973.31':
    dependencies:
      '@aws-sdk/core': 3.975.1
      '@smithy/core': 3.29.3
      '@smithy/types': 4.16.1
      tslib: 2.8.1

  '@aws-sdk/endpoint-cache@3.972.9':
    dependencies:
      mnemonist: 0.38.3
      tslib: 2.8.1

  '@aws-sdk/lib-dynamodb@3.1085.0(@aws-sdk/client-dynamodb@3.1085.0)':
    dependencies:
      '@aws-sdk/client-dynamodb': 3.1085.0
      '@aws-sdk/core': 3.975.1
      '@aws-sdk/util-dynamodb': 3.996.6(@aws-sdk/client-dynamodb@3.1085.0)
      '@smithy/core': 3.29.3
      '@smithy/types': 4.16.1
      tslib: 2.8.1

  '@aws-sdk/middleware-endpoint-discovery@3.972.23':
    dependencies:
      '@aws-sdk/endpoint-cache': 3.972.9
      '@aws-sdk/types': 3.974.0
      '@smithy/core': 3.29.3
      '@smithy/types': 4.16.1
      tslib: 2.8.1

  '@aws-sdk/nested-clients@3.997.31':
    dependencies:
      '@aws-sdk/core': 3.975.1
      '@aws-sdk/signature-v4-multi-region': 3.996.39
      '@aws-sdk/types': 3.974.0
      '@smithy/core': 3.29.3
      '@smithy/fetch-http-handler': 5.6.5
      '@smithy/node-http-handler': 4.9.5
      '@smithy/types': 4.16.1
      tslib: 2.8.1

  '@aws-sdk/signature-v4-multi-region@3.996.39':
    dependencies:
      '@aws-sdk/types': 3.974.0
      '@smithy/signature-v4': 5.6.4
      '@smithy/types': 4.16.1
      tslib: 2.8.1

  '@aws-sdk/token-providers@3.1083.0':
    dependencies:
      '@aws-sdk/core': 3.975.1
      '@aws-sdk/nested-clients': 3.997.31
      '@aws-sdk/types': 3.974.0
      '@smithy/core': 3.29.3
      '@smithy/types': 4.16.1
      tslib: 2.8.1

  '@aws-sdk/types@3.974.0':
    dependencies:
      '@smithy/types': 4.16.1
      tslib: 2.8.1

  '@aws-sdk/util-dynamodb@3.996.6(@aws-sdk/client-dynamodb@3.1085.0)':
    dependencies:
      '@aws-sdk/client-dynamodb': 3.1085.0
      tslib: 2.8.1

  '@aws-sdk/xml-builder@3.972.34':
    dependencies:
      '@smithy/types': 4.16.1
      tslib: 2.8.1

  '@aws/lambda-invoke-store@0.3.0': {}

  '@biomejs/biome@2.5.3':
    optionalDependencies:
      '@biomejs/cli-darwin-arm64': 2.5.3
      '@biomejs/cli-darwin-x64': 2.5.3
      '@biomejs/cli-linux-arm64': 2.5.3
      '@biomejs/cli-linux-arm64-musl': 2.5.3
      '@biomejs/cli-linux-x64': 2.5.3
      '@biomejs/cli-linux-x64-musl': 2.5.3
      '@biomejs/cli-win32-arm64': 2.5.3
      '@biomejs/cli-win32-x64': 2.5.3

  '@biomejs/cli-darwin-arm64@2.5.3':
    optional: true

  '@biomejs/cli-darwin-x64@2.5.3':
    optional: true

  '@biomejs/cli-linux-arm64-musl@2.5.3':
    optional: true

  '@biomejs/cli-linux-arm64@2.5.3':
    optional: true

  '@biomejs/cli-linux-x64-musl@2.5.3':
    optional: true

  '@biomejs/cli-linux-x64@2.5.3':
    optional: true

  '@biomejs/cli-win32-arm64@2.5.3':
    optional: true

  '@biomejs/cli-win32-x64@2.5.3':
    optional: true

  '@esbuild/aix-ppc64@0.28.1':
    optional: true

  '@esbuild/android-arm64@0.28.1':
    optional: true

  '@esbuild/android-arm@0.28.1':
    optional: true

  '@esbuild/android-x64@0.28.1':
    optional: true

  '@esbuild/darwin-arm64@0.28.1':
    optional: true

  '@esbuild/darwin-x64@0.28.1':
    optional: true

  '@esbuild/freebsd-arm64@0.28.1':
    optional: true

  '@esbuild/freebsd-x64@0.28.1':
    optional: true

  '@esbuild/linux-arm64@0.28.1':
    optional: true

  '@esbuild/linux-arm@0.28.1':
    optional: true

  '@esbuild/linux-ia32@0.28.1':
    optional: true

  '@esbuild/linux-loong64@0.28.1':
    optional: true

  '@esbuild/linux-mips64el@0.28.1':
    optional: true

  '@esbuild/linux-ppc64@0.28.1':
    optional: true

  '@esbuild/linux-riscv64@0.28.1':
    optional: true

  '@esbuild/linux-s390x@0.28.1':
    optional: true

  '@esbuild/linux-x64@0.28.1':
    optional: true

  '@esbuild/netbsd-arm64@0.28.1':
    optional: true

  '@esbuild/netbsd-x64@0.28.1':
    optional: true

  '@esbuild/openbsd-arm64@0.28.1':
    optional: true

  '@esbuild/openbsd-x64@0.28.1':
    optional: true

  '@esbuild/openharmony-arm64@0.28.1':
    optional: true

  '@esbuild/sunos-x64@0.28.1':
    optional: true

  '@esbuild/win32-arm64@0.28.1':
    optional: true

  '@esbuild/win32-ia32@0.28.1':
    optional: true

  '@esbuild/win32-x64@0.28.1':
    optional: true

  '@isaacs/cliui@8.0.2':
    dependencies:
      string-width: 5.1.2
      string-width-cjs: string-width@4.2.3
      strip-ansi: 7.2.0
      strip-ansi-cjs: strip-ansi@6.0.1
      wrap-ansi: 8.1.0
      wrap-ansi-cjs: wrap-ansi@7.0.0

  '@middy/core@7.7.0':
    dependencies:
      '@middy/util': 7.7.0

  '@middy/http-error-handler@7.7.0':
    dependencies:
      '@middy/util': 7.7.0

  '@middy/http-header-normalizer@7.7.0':
    dependencies:
      '@middy/util': 7.7.0

  '@middy/http-json-body-parser@7.7.0':
    dependencies:
      '@middy/util': 7.7.0

  '@middy/http-security-headers@7.7.0':
    dependencies:
      '@middy/util': 7.7.0

  '@middy/util@7.7.0': {}

  '@pkgjs/parseargs@0.11.0':
    optional: true

  '@serverless/typescript@4.30.0': {}

  '@smithy/core@3.29.3':
    dependencies:
      '@smithy/types': 4.16.1
      tslib: 2.8.1

  '@smithy/credential-provider-imds@4.4.8':
    dependencies:
      '@smithy/core': 3.29.3
      '@smithy/types': 4.16.1
      tslib: 2.8.1

  '@smithy/fetch-http-handler@5.6.5':
    dependencies:
      '@smithy/core': 3.29.3
      '@smithy/types': 4.16.1
      tslib: 2.8.1

  '@smithy/node-http-handler@4.9.5':
    dependencies:
      '@smithy/core': 3.29.3
      '@smithy/types': 4.16.1
      tslib: 2.8.1

  '@smithy/signature-v4@5.6.4':
    dependencies:
      '@smithy/core': 3.29.3
      '@smithy/types': 4.16.1
      tslib: 2.8.1

  '@smithy/types@4.16.1':
    dependencies:
      tslib: 2.8.1

  '@types/aws-lambda@8.10.162': {}

  '@types/node@24.12.4':
    dependencies:
      undici-types: 7.16.0

  ansi-regex@5.0.1: {}

  ansi-regex@6.2.2: {}

  ansi-styles@4.3.0:
    dependencies:
      color-convert: 2.0.1

  ansi-styles@6.2.3: {}

  balanced-match@1.0.2: {}

  bowser@2.14.1: {}

  brace-expansion@2.1.1:
    dependencies:
      balanced-match: 1.0.2

  color-convert@2.0.1:
    dependencies:
      color-name: 1.1.4

  color-name@1.1.4: {}

  cross-spawn@7.0.6:
    dependencies:
      path-key: 3.1.1
      shebang-command: 2.0.0
      which: 2.0.2

  eastasianwidth@0.2.0: {}

  emoji-regex@8.0.0: {}

  emoji-regex@9.2.2: {}

  esbuild@0.28.1:
    optionalDependencies:
      '@esbuild/aix-ppc64': 0.28.1
      '@esbuild/android-arm': 0.28.1
      '@esbuild/android-arm64': 0.28.1
      '@esbuild/android-x64': 0.28.1
      '@esbuild/darwin-arm64': 0.28.1
      '@esbuild/darwin-x64': 0.28.1
      '@esbuild/freebsd-arm64': 0.28.1
      '@esbuild/freebsd-x64': 0.28.1
      '@esbuild/linux-arm': 0.28.1
      '@esbuild/linux-arm64': 0.28.1
      '@esbuild/linux-ia32': 0.28.1
      '@esbuild/linux-loong64': 0.28.1
      '@esbuild/linux-mips64el': 0.28.1
      '@esbuild/linux-ppc64': 0.28.1
      '@esbuild/linux-riscv64': 0.28.1
      '@esbuild/linux-s390x': 0.28.1
      '@esbuild/linux-x64': 0.28.1
      '@esbuild/netbsd-arm64': 0.28.1
      '@esbuild/netbsd-x64': 0.28.1
      '@esbuild/openbsd-arm64': 0.28.1
      '@esbuild/openbsd-x64': 0.28.1
      '@esbuild/openharmony-arm64': 0.28.1
      '@esbuild/sunos-x64': 0.28.1
      '@esbuild/win32-arm64': 0.28.1
      '@esbuild/win32-ia32': 0.28.1
      '@esbuild/win32-x64': 0.28.1

  foreground-child@3.3.1:
    dependencies:
      cross-spawn: 7.0.6
      signal-exit: 4.1.0

  glob@10.5.0:
    dependencies:
      foreground-child: 3.3.1
      jackspeak: 3.4.3
      minimatch: 9.0.9
      minipass: 7.1.3
      package-json-from-dist: 1.0.1
      path-scurry: 1.11.1

  is-fullwidth-code-point@3.0.0: {}

  isexe@2.0.0: {}

  jackspeak@3.4.3:
    dependencies:
      '@isaacs/cliui': 8.0.2
    optionalDependencies:
      '@pkgjs/parseargs': 0.11.0

  ky@2.0.2: {}

  lru-cache@10.4.3: {}

  minimatch@9.0.9:
    dependencies:
      brace-expansion: 2.1.1

  minipass@7.1.3: {}

  mnemonist@0.38.3:
    dependencies:
      obliterator: 1.6.1

  obliterator@1.6.1: {}

  package-json-from-dist@1.0.1: {}

  path-key@3.1.1: {}

  path-scurry@1.11.1:
    dependencies:
      lru-cache: 10.4.3
      minipass: 7.1.3

  rimraf@5.0.10:
    dependencies:
      glob: 10.5.0

  serverless@4.39.0:
    dependencies:
      rimraf: 5.0.10
      undici: 6.27.0

  shebang-command@2.0.0:
    dependencies:
      shebang-regex: 3.0.0

  shebang-regex@3.0.0: {}

  signal-exit@4.1.0: {}

  string-width@4.2.3:
    dependencies:
      emoji-regex: 8.0.0
      is-fullwidth-code-point: 3.0.0
      strip-ansi: 6.0.1

  string-width@5.1.2:
    dependencies:
      eastasianwidth: 0.2.0
      emoji-regex: 9.2.2
      strip-ansi: 7.2.0

  strip-ansi@6.0.1:
    dependencies:
      ansi-regex: 5.0.1

  strip-ansi@7.2.0:
    dependencies:
      ansi-regex: 6.2.2

  tslib@2.8.1: {}

  typescript@6.0.3: {}

  undici-types@7.16.0: {}

  undici@6.27.0: {}

  valibot@1.4.2(typescript@6.0.3):
    optionalDependencies:
      typescript: 6.0.3

  which@2.0.2:
    dependencies:
      isexe: 2.0.0

  wrap-ansi@7.0.0:
    dependencies:
      ansi-styles: 4.3.0
      string-width: 4.2.3
      strip-ansi: 6.0.1

  wrap-ansi@8.1.0:
    dependencies:
      ansi-styles: 6.2.3
      string-width: 5.1.2
      strip-ansi: 7.2.0
